// !$*UTF8*$!
{
	archiveVersion = 1;
	classes = {
	};
	objectVersion = 46;
	objects = {

/* Begin PBXBuildFile section */
		2661BCCD1B0E2B2300B7D8E9 /* ADALDependencyResolver.h in Headers */ = {isa = PBXBuildFile; fileRef = 2661BCAD1B0E2B2300B7D8E9 /* ADALDependencyResolver.h */; settings = {ATTRIBUTES = (Public, ); }; };
		2661BCCE1B0E2B2300B7D8E9 /* ADALDependencyResolver.m in Sources */ = {isa = PBXBuildFile; fileRef = 2661BCAE1B0E2B2300B7D8E9 /* ADALDependencyResolver.m */; };
		2661BCD41B0E2B2300B7D8E9 /* LiveDependencyResolver.h in Headers */ = {isa = PBXBuildFile; fileRef = 2661BCB51B0E2B2300B7D8E9 /* LiveDependencyResolver.h */; settings = {ATTRIBUTES = (Public, ); }; };
		2661BCD51B0E2B2300B7D8E9 /* LiveDependencyResolver.m in Sources */ = {isa = PBXBuildFile; fileRef = 2661BCB61B0E2B2300B7D8E9 /* LiveDependencyResolver.m */; };
		2661BCD61B0E2B2300B7D8E9 /* MSOrcBasicCredentials.h in Headers */ = {isa = PBXBuildFile; fileRef = 2661BCB71B0E2B2300B7D8E9 /* MSOrcBasicCredentials.h */; settings = {ATTRIBUTES = (Public, ); }; };
		2661BCD71B0E2B2300B7D8E9 /* MSOrcBasicCredentials.m in Sources */ = {isa = PBXBuildFile; fileRef = 2661BCB81B0E2B2300B7D8E9 /* MSOrcBasicCredentials.m */; };
		2661BCD81B0E2B2300B7D8E9 /* MSOrcDefaultDependencyResolver.h in Headers */ = {isa = PBXBuildFile; fileRef = 2661BCB91B0E2B2300B7D8E9 /* MSOrcDefaultDependencyResolver.h */; settings = {ATTRIBUTES = (Public, ); }; };
		2661BCD91B0E2B2300B7D8E9 /* MSOrcDefaultDependencyResolver.m in Sources */ = {isa = PBXBuildFile; fileRef = 2661BCBA1B0E2B2300B7D8E9 /* MSOrcDefaultDependencyResolver.m */; };
		2661BCDA1B0E2B2300B7D8E9 /* MSOrcHttpConnection.h in Headers */ = {isa = PBXBuildFile; fileRef = 2661BCBB1B0E2B2300B7D8E9 /* MSOrcHttpConnection.h */; settings = {ATTRIBUTES = (Public, ); }; };
		2661BCDB1B0E2B2300B7D8E9 /* MSOrcHttpConnection.m in Sources */ = {isa = PBXBuildFile; fileRef = 2661BCBC1B0E2B2300B7D8E9 /* MSOrcHttpConnection.m */; };
		2661BCDE1B0E2B2300B7D8E9 /* MSOrcLoggerImpl.h in Headers */ = {isa = PBXBuildFile; fileRef = 2661BCBF1B0E2B2300B7D8E9 /* MSOrcLoggerImpl.h */; settings = {ATTRIBUTES = (Public, ); }; };
		2661BCDF1B0E2B2300B7D8E9 /* MSOrcLoggerImpl.m in Sources */ = {isa = PBXBuildFile; fileRef = 2661BCC01B0E2B2300B7D8E9 /* MSOrcLoggerImpl.m */; };
		2661BCE01B0E2B2300B7D8E9 /* MSOrcOAuthCredentials.h in Headers */ = {isa = PBXBuildFile; fileRef = 2661BCC11B0E2B2300B7D8E9 /* MSOrcOAuthCredentials.h */; settings = {ATTRIBUTES = (Public, ); }; };
		2661BCE11B0E2B2300B7D8E9 /* MSOrcOAuthCredentials.m in Sources */ = {isa = PBXBuildFile; fileRef = 2661BCC21B0E2B2300B7D8E9 /* MSOrcOAuthCredentials.m */; };
		2661BCE21B0E2B2300B7D8E9 /* MSOrcRequestImpl.h in Headers */ = {isa = PBXBuildFile; fileRef = 2661BCC31B0E2B2300B7D8E9 /* MSOrcRequestImpl.h */; settings = {ATTRIBUTES = (Public, ); }; };
		2661BCE31B0E2B2300B7D8E9 /* MSOrcRequestImpl.m in Sources */ = {isa = PBXBuildFile; fileRef = 2661BCC41B0E2B2300B7D8E9 /* MSOrcRequestImpl.m */; };
		2661BCE41B0E2B2300B7D8E9 /* MSOrcResponseImpl.h in Headers */ = {isa = PBXBuildFile; fileRef = 2661BCC51B0E2B2300B7D8E9 /* MSOrcResponseImpl.h */; settings = {ATTRIBUTES = (Public, ); }; };
		2661BCE51B0E2B2300B7D8E9 /* MSOrcResponseImpl.m in Sources */ = {isa = PBXBuildFile; fileRef = 2661BCC61B0E2B2300B7D8E9 /* MSOrcResponseImpl.m */; };
		2661BCE61B0E2B2300B7D8E9 /* MSOrcURLImpl.h in Headers */ = {isa = PBXBuildFile; fileRef = 2661BCC71B0E2B2300B7D8E9 /* MSOrcURLImpl.h */; settings = {ATTRIBUTES = (Public, ); }; };
		2661BCE71B0E2B2300B7D8E9 /* MSOrcURLImpl.m in Sources */ = {isa = PBXBuildFile; fileRef = 2661BCC81B0E2B2300B7D8E9 /* MSOrcURLImpl.m */; };
		2661BCE81B0E2B2300B7D8E9 /* NSString+NSStringExtensions.h in Headers */ = {isa = PBXBuildFile; fileRef = 2661BCC91B0E2B2300B7D8E9 /* NSString+NSStringExtensions.h */; settings = {ATTRIBUTES = (Public, ); }; };
		2661BCE91B0E2B2300B7D8E9 /* NSString+NSStringExtensions.m in Sources */ = {isa = PBXBuildFile; fileRef = 2661BCCA1B0E2B2300B7D8E9 /* NSString+NSStringExtensions.m */; };
		2661BCEB1B0E2B2300B7D8E9 /* template_adal_settings.plist in Resources */ = {isa = PBXBuildFile; fileRef = 2661BCCC1B0E2B2300B7D8E9 /* template_adal_settings.plist */; };
		2661BCED1B0E2B4C00B7D8E9 /* impl.h in Headers */ = {isa = PBXBuildFile; fileRef = 2661BCEC1B0E2B4C00B7D8E9 /* impl.h */; settings = {ATTRIBUTES = (Public, ); }; };
		2661BCFA1B0E399A00B7D8E9 /* implTests.m in Sources */ = {isa = PBXBuildFile; fileRef = ECDB43B91AFA5C45000B0781 /* implTests.m */; };
		354C9C8D1BD95EA100C84B48 /* api.framework in Frameworks */ = {isa = PBXBuildFile; fileRef = 354C9C8C1BD95EA100C84B48 /* api.framework */; };
		354C9C8F1BD95EA500C84B48 /* core.framework in Frameworks */ = {isa = PBXBuildFile; fileRef = 354C9C8E1BD95EA500C84B48 /* core.framework */; };
		354C9C971BDA882F00C84B48 /* MSOrcJSONSerializer.h in Headers */ = {isa = PBXBuildFile; fileRef = 354C9C961BDA858400C84B48 /* MSOrcJSONSerializer.h */; settings = {ATTRIBUTES = (Public, ); }; };
		354C9C991BDA89B900C84B48 /* MSOrcJSONSerializer.m in Sources */ = {isa = PBXBuildFile; fileRef = 354C9C981BDA89B900C84B48 /* MSOrcJSONSerializer.m */; };
		5A3EC114DCAE3517454EB7B5 /* libPods.a in Frameworks */ = {isa = PBXBuildFile; fileRef = 3DCB9C08F043B0EFF1D4ACD6 /* libPods.a */; };
		ECDB43B31AFA5C45000B0781 /* impl.framework in Frameworks */ = {isa = PBXBuildFile; fileRef = ECDB43A71AFA5C45000B0781 /* impl.framework */; };
/* End PBXBuildFile section */

/* Begin PBXContainerItemProxy section */
		ECDB43B41AFA5C45000B0781 /* PBXContainerItemProxy */ = {
			isa = PBXContainerItemProxy;
			containerPortal = ECDB439E1AFA5C45000B0781 /* Project object */;
			proxyType = 1;
			remoteGlobalIDString = ECDB43A61AFA5C45000B0781;
			remoteInfo = orc_engine_impl;
		};
/* End PBXContainerItemProxy section */

/* Begin PBXFileReference section */
		2661BCAD1B0E2B2300B7D8E9 /* ADALDependencyResolver.h */ = {isa = PBXFileReference; fileEncoding = 4; lastKnownFileType = sourcecode.c.h; name = ADALDependencyResolver.h; path = impl/ADALDependencyResolver.h; sourceTree = SOURCE_ROOT; };
		2661BCAE1B0E2B2300B7D8E9 /* ADALDependencyResolver.m */ = {isa = PBXFileReference; fileEncoding = 4; lastKnownFileType = sourcecode.c.objc; name = ADALDependencyResolver.m; path = impl/ADALDependencyResolver.m; sourceTree = SOURCE_ROOT; };
		2661BCB51B0E2B2300B7D8E9 /* LiveDependencyResolver.h */ = {isa = PBXFileReference; fileEncoding = 4; lastKnownFileType = sourcecode.c.h; name = LiveDependencyResolver.h; path = impl/LiveDependencyResolver.h; sourceTree = SOURCE_ROOT; };
		2661BCB61B0E2B2300B7D8E9 /* LiveDependencyResolver.m */ = {isa = PBXFileReference; fileEncoding = 4; lastKnownFileType = sourcecode.c.objc; name = LiveDependencyResolver.m; path = impl/LiveDependencyResolver.m; sourceTree = SOURCE_ROOT; };
		2661BCB71B0E2B2300B7D8E9 /* MSOrcBasicCredentials.h */ = {isa = PBXFileReference; fileEncoding = 4; lastKnownFileType = sourcecode.c.h; name = MSOrcBasicCredentials.h; path = impl/MSOrcBasicCredentials.h; sourceTree = SOURCE_ROOT; };
		2661BCB81B0E2B2300B7D8E9 /* MSOrcBasicCredentials.m */ = {isa = PBXFileReference; fileEncoding = 4; lastKnownFileType = sourcecode.c.objc; name = MSOrcBasicCredentials.m; path = impl/MSOrcBasicCredentials.m; sourceTree = SOURCE_ROOT; };
		2661BCB91B0E2B2300B7D8E9 /* MSOrcDefaultDependencyResolver.h */ = {isa = PBXFileReference; fileEncoding = 4; lastKnownFileType = sourcecode.c.h; name = MSOrcDefaultDependencyResolver.h; path = impl/MSOrcDefaultDependencyResolver.h; sourceTree = SOURCE_ROOT; };
		2661BCBA1B0E2B2300B7D8E9 /* MSOrcDefaultDependencyResolver.m */ = {isa = PBXFileReference; fileEncoding = 4; lastKnownFileType = sourcecode.c.objc; name = MSOrcDefaultDependencyResolver.m; path = impl/MSOrcDefaultDependencyResolver.m; sourceTree = SOURCE_ROOT; };
		2661BCBB1B0E2B2300B7D8E9 /* MSOrcHttpConnection.h */ = {isa = PBXFileReference; fileEncoding = 4; lastKnownFileType = sourcecode.c.h; name = MSOrcHttpConnection.h; path = impl/MSOrcHttpConnection.h; sourceTree = SOURCE_ROOT; };
		2661BCBC1B0E2B2300B7D8E9 /* MSOrcHttpConnection.m */ = {isa = PBXFileReference; fileEncoding = 4; lastKnownFileType = sourcecode.c.objc; name = MSOrcHttpConnection.m; path = impl/MSOrcHttpConnection.m; sourceTree = SOURCE_ROOT; };
		2661BCBF1B0E2B2300B7D8E9 /* MSOrcLoggerImpl.h */ = {isa = PBXFileReference; fileEncoding = 4; lastKnownFileType = sourcecode.c.h; name = MSOrcLoggerImpl.h; path = impl/MSOrcLoggerImpl.h; sourceTree = SOURCE_ROOT; };
		2661BCC01B0E2B2300B7D8E9 /* MSOrcLoggerImpl.m */ = {isa = PBXFileReference; fileEncoding = 4; lastKnownFileType = sourcecode.c.objc; name = MSOrcLoggerImpl.m; path = impl/MSOrcLoggerImpl.m; sourceTree = SOURCE_ROOT; };
		2661BCC11B0E2B2300B7D8E9 /* MSOrcOAuthCredentials.h */ = {isa = PBXFileReference; fileEncoding = 4; lastKnownFileType = sourcecode.c.h; name = MSOrcOAuthCredentials.h; path = impl/MSOrcOAuthCredentials.h; sourceTree = SOURCE_ROOT; };
		2661BCC21B0E2B2300B7D8E9 /* MSOrcOAuthCredentials.m */ = {isa = PBXFileReference; fileEncoding = 4; lastKnownFileType = sourcecode.c.objc; name = MSOrcOAuthCredentials.m; path = impl/MSOrcOAuthCredentials.m; sourceTree = SOURCE_ROOT; };
		2661BCC31B0E2B2300B7D8E9 /* MSOrcRequestImpl.h */ = {isa = PBXFileReference; fileEncoding = 4; lastKnownFileType = sourcecode.c.h; name = MSOrcRequestImpl.h; path = impl/MSOrcRequestImpl.h; sourceTree = SOURCE_ROOT; };
		2661BCC41B0E2B2300B7D8E9 /* MSOrcRequestImpl.m */ = {isa = PBXFileReference; fileEncoding = 4; lastKnownFileType = sourcecode.c.objc; name = MSOrcRequestImpl.m; path = impl/MSOrcRequestImpl.m; sourceTree = SOURCE_ROOT; };
		2661BCC51B0E2B2300B7D8E9 /* MSOrcResponseImpl.h */ = {isa = PBXFileReference; fileEncoding = 4; lastKnownFileType = sourcecode.c.h; name = MSOrcResponseImpl.h; path = impl/MSOrcResponseImpl.h; sourceTree = SOURCE_ROOT; };
		2661BCC61B0E2B2300B7D8E9 /* MSOrcResponseImpl.m */ = {isa = PBXFileReference; fileEncoding = 4; lastKnownFileType = sourcecode.c.objc; name = MSOrcResponseImpl.m; path = impl/MSOrcResponseImpl.m; sourceTree = SOURCE_ROOT; };
		2661BCC71B0E2B2300B7D8E9 /* MSOrcURLImpl.h */ = {isa = PBXFileReference; fileEncoding = 4; lastKnownFileType = sourcecode.c.h; name = MSOrcURLImpl.h; path = impl/MSOrcURLImpl.h; sourceTree = SOURCE_ROOT; };
		2661BCC81B0E2B2300B7D8E9 /* MSOrcURLImpl.m */ = {isa = PBXFileReference; fileEncoding = 4; lastKnownFileType = sourcecode.c.objc; name = MSOrcURLImpl.m; path = impl/MSOrcURLImpl.m; sourceTree = SOURCE_ROOT; };
		2661BCC91B0E2B2300B7D8E9 /* NSString+NSStringExtensions.h */ = {isa = PBXFileReference; fileEncoding = 4; lastKnownFileType = sourcecode.c.h; name = "NSString+NSStringExtensions.h"; path = "impl/NSString+NSStringExtensions.h"; sourceTree = SOURCE_ROOT; };
		2661BCCA1B0E2B2300B7D8E9 /* NSString+NSStringExtensions.m */ = {isa = PBXFileReference; fileEncoding = 4; lastKnownFileType = sourcecode.c.objc; name = "NSString+NSStringExtensions.m"; path = "impl/NSString+NSStringExtensions.m"; sourceTree = SOURCE_ROOT; };
		2661BCCC1B0E2B2300B7D8E9 /* template_adal_settings.plist */ = {isa = PBXFileReference; fileEncoding = 4; lastKnownFileType = text.plist.xml; name = template_adal_settings.plist; path = impl/template_adal_settings.plist; sourceTree = SOURCE_ROOT; };
		2661BCEC1B0E2B4C00B7D8E9 /* impl.h */ = {isa = PBXFileReference; fileEncoding = 4; lastKnownFileType = sourcecode.c.h; name = impl.h; path = impl/impl.h; sourceTree = SOURCE_ROOT; };
		2661BCFB1B0E3BC900B7D8E9 /* api.framework */ = {isa = PBXFileReference; lastKnownFileType = wrapper.framework; name = api.framework; path = "../api/build/Debug-iphoneos/api.framework"; sourceTree = "<group>"; };
		2661BCFD1B0E3BF400B7D8E9 /* core.framework */ = {isa = PBXFileReference; lastKnownFileType = wrapper.framework; name = core.framework; path = "../core/build/Debug-iphoneos/core.framework"; sourceTree = "<group>"; };
		354C9C8C1BD95EA100C84B48 /* api.framework */ = {isa = PBXFileReference; lastKnownFileType = wrapper.framework; name = api.framework; path = "../api/build/Debug-iphoneos/api.framework"; sourceTree = "<group>"; };
		354C9C8E1BD95EA500C84B48 /* core.framework */ = {isa = PBXFileReference; lastKnownFileType = wrapper.framework; name = core.framework; path = "../core/build/Debug-iphoneos/core.framework"; sourceTree = "<group>"; };
		354C9C961BDA858400C84B48 /* MSOrcJSONSerializer.h */ = {isa = PBXFileReference; lastKnownFileType = sourcecode.c.h; name = MSOrcJSONSerializer.h; path = impl/MSOrcJSONSerializer.h; sourceTree = SOURCE_ROOT; };
		354C9C981BDA89B900C84B48 /* MSOrcJSONSerializer.m */ = {isa = PBXFileReference; fileEncoding = 4; lastKnownFileType = sourcecode.c.objc; name = MSOrcJSONSerializer.m; path = impl/MSOrcJSONSerializer.m; sourceTree = SOURCE_ROOT; };
		3DCB9C08F043B0EFF1D4ACD6 /* libPods.a */ = {isa = PBXFileReference; explicitFileType = archive.ar; includeInIndex = 0; path = libPods.a; sourceTree = BUILT_PRODUCTS_DIR; };
		D6D8E955022E9C85611DFA4E /* Pods.release.xcconfig */ = {isa = PBXFileReference; includeInIndex = 1; lastKnownFileType = text.xcconfig; name = Pods.release.xcconfig; path = "../Pods/Target Support Files/Pods/Pods.release.xcconfig"; sourceTree = "<group>"; };
		E4B55BF3315F191BB3A02691 /* Pods.debug.xcconfig */ = {isa = PBXFileReference; includeInIndex = 1; lastKnownFileType = text.xcconfig; name = Pods.debug.xcconfig; path = "../Pods/Target Support Files/Pods/Pods.debug.xcconfig"; sourceTree = "<group>"; };
		ECDB43A71AFA5C45000B0781 /* impl.framework */ = {isa = PBXFileReference; explicitFileType = wrapper.framework; includeInIndex = 0; path = impl.framework; sourceTree = BUILT_PRODUCTS_DIR; };
		ECDB43AB1AFA5C45000B0781 /* Info.plist */ = {isa = PBXFileReference; lastKnownFileType = text.plist; name = Info.plist; path = impl/Info.plist; sourceTree = "<group>"; };
		ECDB43B21AFA5C45000B0781 /* implTests.xctest */ = {isa = PBXFileReference; explicitFileType = wrapper.cfbundle; includeInIndex = 0; path = implTests.xctest; sourceTree = BUILT_PRODUCTS_DIR; };
		ECDB43B81AFA5C45000B0781 /* Info.plist */ = {isa = PBXFileReference; lastKnownFileType = text.plist.xml; path = Info.plist; sourceTree = "<group>"; };
		ECDB43B91AFA5C45000B0781 /* implTests.m */ = {isa = PBXFileReference; lastKnownFileType = sourcecode.c.objc; path = implTests.m; sourceTree = "<group>"; };
/* End PBXFileReference section */

/* Begin PBXFrameworksBuildPhase section */
		ECDB43A31AFA5C45000B0781 /* Frameworks */ = {
			isa = PBXFrameworksBuildPhase;
			buildActionMask = 2147483647;
			files = (
				354C9C8F1BD95EA500C84B48 /* core.framework in Frameworks */,
				354C9C8D1BD95EA100C84B48 /* api.framework in Frameworks */,
				5A3EC114DCAE3517454EB7B5 /* libPods.a in Frameworks */,
			);
			runOnlyForDeploymentPostprocessing = 0;
		};
		ECDB43AF1AFA5C45000B0781 /* Frameworks */ = {
			isa = PBXFrameworksBuildPhase;
			buildActionMask = 2147483647;
			files = (
				ECDB43B31AFA5C45000B0781 /* impl.framework in Frameworks */,
			);
			runOnlyForDeploymentPostprocessing = 0;
		};
/* End PBXFrameworksBuildPhase section */

/* Begin PBXGroup section */
		16BEC0E394969F07186CC052 /* Pods */ = {
			isa = PBXGroup;
			children = (
				E4B55BF3315F191BB3A02691 /* Pods.debug.xcconfig */,
				D6D8E955022E9C85611DFA4E /* Pods.release.xcconfig */,
			);
			name = Pods;
			sourceTree = "<group>";
		};
		D5D9B1669DA90926664BE706 /* Frameworks */ = {
			isa = PBXGroup;
			children = (
				354C9C8E1BD95EA500C84B48 /* core.framework */,
				354C9C8C1BD95EA100C84B48 /* api.framework */,
				2661BCFD1B0E3BF400B7D8E9 /* core.framework */,
				2661BCFB1B0E3BC900B7D8E9 /* api.framework */,
				3DCB9C08F043B0EFF1D4ACD6 /* libPods.a */,
			);
			name = Frameworks;
			sourceTree = "<group>";
		};
		ECDB439D1AFA5C45000B0781 = {
			isa = PBXGroup;
			children = (
				ECDB43A91AFA5C45000B0781 /* impl */,
				ECDB43B61AFA5C45000B0781 /* implTests */,
				ECDB43A81AFA5C45000B0781 /* Products */,
				16BEC0E394969F07186CC052 /* Pods */,
				D5D9B1669DA90926664BE706 /* Frameworks */,
			);
			sourceTree = "<group>";
		};
		ECDB43A81AFA5C45000B0781 /* Products */ = {
			isa = PBXGroup;
			children = (
				ECDB43A71AFA5C45000B0781 /* impl.framework */,
				ECDB43B21AFA5C45000B0781 /* implTests.xctest */,
			);
			name = Products;
			sourceTree = "<group>";
		};
		ECDB43A91AFA5C45000B0781 /* impl */ = {
			isa = PBXGroup;
			children = (
				2661BCEC1B0E2B4C00B7D8E9 /* impl.h */,
				2661BCAD1B0E2B2300B7D8E9 /* ADALDependencyResolver.h */,
				2661BCAE1B0E2B2300B7D8E9 /* ADALDependencyResolver.m */,
				2661BCB51B0E2B2300B7D8E9 /* LiveDependencyResolver.h */,
				2661BCB61B0E2B2300B7D8E9 /* LiveDependencyResolver.m */,
				2661BCB71B0E2B2300B7D8E9 /* MSOrcBasicCredentials.h */,
				2661BCB81B0E2B2300B7D8E9 /* MSOrcBasicCredentials.m */,
				2661BCB91B0E2B2300B7D8E9 /* MSOrcDefaultDependencyResolver.h */,
				2661BCBA1B0E2B2300B7D8E9 /* MSOrcDefaultDependencyResolver.m */,
				2661BCBB1B0E2B2300B7D8E9 /* MSOrcHttpConnection.h */,
				2661BCBC1B0E2B2300B7D8E9 /* MSOrcHttpConnection.m */,
				2661BCBF1B0E2B2300B7D8E9 /* MSOrcLoggerImpl.h */,
				2661BCC01B0E2B2300B7D8E9 /* MSOrcLoggerImpl.m */,
				2661BCC11B0E2B2300B7D8E9 /* MSOrcOAuthCredentials.h */,
				2661BCC21B0E2B2300B7D8E9 /* MSOrcOAuthCredentials.m */,
				2661BCC31B0E2B2300B7D8E9 /* MSOrcRequestImpl.h */,
				2661BCC41B0E2B2300B7D8E9 /* MSOrcRequestImpl.m */,
				2661BCC51B0E2B2300B7D8E9 /* MSOrcResponseImpl.h */,
				2661BCC61B0E2B2300B7D8E9 /* MSOrcResponseImpl.m */,
				2661BCC71B0E2B2300B7D8E9 /* MSOrcURLImpl.h */,
				2661BCC81B0E2B2300B7D8E9 /* MSOrcURLImpl.m */,
				2661BCC91B0E2B2300B7D8E9 /* NSString+NSStringExtensions.h */,
				2661BCCA1B0E2B2300B7D8E9 /* NSString+NSStringExtensions.m */,
				2661BCCC1B0E2B2300B7D8E9 /* template_adal_settings.plist */,
				ECDB43AA1AFA5C45000B0781 /* Supporting Files */,
				354C9C961BDA858400C84B48 /* MSOrcJSONSerializer.h */,
				354C9C981BDA89B900C84B48 /* MSOrcJSONSerializer.m */,
			);
			name = impl;
			path = orc_engine_impl;
			sourceTree = "<group>";
		};
		ECDB43AA1AFA5C45000B0781 /* Supporting Files */ = {
			isa = PBXGroup;
			children = (
				ECDB43AB1AFA5C45000B0781 /* Info.plist */,
			);
			name = "Supporting Files";
			sourceTree = "<group>";
		};
		ECDB43B61AFA5C45000B0781 /* implTests */ = {
			isa = PBXGroup;
			children = (
				ECDB43B91AFA5C45000B0781 /* implTests.m */,
				ECDB43B71AFA5C45000B0781 /* Supporting Files */,
			);
			path = implTests;
			sourceTree = "<group>";
		};
		ECDB43B71AFA5C45000B0781 /* Supporting Files */ = {
			isa = PBXGroup;
			children = (
				ECDB43B81AFA5C45000B0781 /* Info.plist */,
			);
			name = "Supporting Files";
			sourceTree = "<group>";
		};
/* End PBXGroup section */

/* Begin PBXHeadersBuildPhase section */
		ECDB43A41AFA5C45000B0781 /* Headers */ = {
			isa = PBXHeadersBuildPhase;
			buildActionMask = 2147483647;
			files = (
				2661BCED1B0E2B4C00B7D8E9 /* impl.h in Headers */,
				2661BCE81B0E2B2300B7D8E9 /* NSString+NSStringExtensions.h in Headers */,
				2661BCE61B0E2B2300B7D8E9 /* MSOrcURLImpl.h in Headers */,
				2661BCE41B0E2B2300B7D8E9 /* MSOrcResponseImpl.h in Headers */,
				2661BCD61B0E2B2300B7D8E9 /* MSOrcBasicCredentials.h in Headers */,
				2661BCDE1B0E2B2300B7D8E9 /* MSOrcLoggerImpl.h in Headers */,
				2661BCCD1B0E2B2300B7D8E9 /* ADALDependencyResolver.h in Headers */,
				2661BCE01B0E2B2300B7D8E9 /* MSOrcOAuthCredentials.h in Headers */,
				2661BCD41B0E2B2300B7D8E9 /* LiveDependencyResolver.h in Headers */,
				2661BCD81B0E2B2300B7D8E9 /* MSOrcDefaultDependencyResolver.h in Headers */,
				2661BCDA1B0E2B2300B7D8E9 /* MSOrcHttpConnection.h in Headers */,
				354C9C971BDA882F00C84B48 /* MSOrcJSONSerializer.h in Headers */,
				2661BCE21B0E2B2300B7D8E9 /* MSOrcRequestImpl.h in Headers */,
			);
			runOnlyForDeploymentPostprocessing = 0;
		};
/* End PBXHeadersBuildPhase section */

/* Begin PBXNativeTarget section */
		ECDB43A61AFA5C45000B0781 /* impl */ = {
			isa = PBXNativeTarget;
			buildConfigurationList = ECDB43BD1AFA5C45000B0781 /* Build configuration list for PBXNativeTarget "impl" */;
			buildPhases = (
				7B63031FA729BB0BDAC2FF6A /* Check Pods Manifest.lock */,
				ECDB43A21AFA5C45000B0781 /* Sources */,
				ECDB43A31AFA5C45000B0781 /* Frameworks */,
				ECDB43A41AFA5C45000B0781 /* Headers */,
				ECDB43A51AFA5C45000B0781 /* Resources */,
				64A4154B5687267EDECF66C8 /* Copy Pods Resources */,
			);
			buildRules = (
			);
			dependencies = (
			);
			name = impl;
			productName = orc_engine_impl;
			productReference = ECDB43A71AFA5C45000B0781 /* impl.framework */;
			productType = "com.apple.product-type.framework";
		};
		ECDB43B11AFA5C45000B0781 /* implTests */ = {
			isa = PBXNativeTarget;
			buildConfigurationList = ECDB43C01AFA5C45000B0781 /* Build configuration list for PBXNativeTarget "implTests" */;
			buildPhases = (
				ECDB43AE1AFA5C45000B0781 /* Sources */,
				ECDB43AF1AFA5C45000B0781 /* Frameworks */,
				ECDB43B01AFA5C45000B0781 /* Resources */,
			);
			buildRules = (
			);
			dependencies = (
				ECDB43B51AFA5C45000B0781 /* PBXTargetDependency */,
			);
			name = implTests;
			productName = orc_engine_implTests;
			productReference = ECDB43B21AFA5C45000B0781 /* implTests.xctest */;
			productType = "com.apple.product-type.bundle.unit-test";
		};
/* End PBXNativeTarget section */

/* Begin PBXProject section */
		ECDB439E1AFA5C45000B0781 /* Project object */ = {
			isa = PBXProject;
			attributes = {
				LastUpgradeCheck = 0630;
				ORGANIZATIONNAME = "";
				TargetAttributes = {
					ECDB43A61AFA5C45000B0781 = {
						CreatedOnToolsVersion = 6.3.1;
					};
					ECDB43B11AFA5C45000B0781 = {
						CreatedOnToolsVersion = 6.3.1;
					};
				};
			};
			buildConfigurationList = ECDB43A11AFA5C45000B0781 /* Build configuration list for PBXProject "impl" */;
			compatibilityVersion = "Xcode 3.2";
			developmentRegion = English;
			hasScannedForEncodings = 0;
			knownRegions = (
				en,
			);
			mainGroup = ECDB439D1AFA5C45000B0781;
			productRefGroup = ECDB43A81AFA5C45000B0781 /* Products */;
			projectDirPath = "";
			projectRoot = "";
			targets = (
				ECDB43A61AFA5C45000B0781 /* impl */,
				ECDB43B11AFA5C45000B0781 /* implTests */,
			);
		};
/* End PBXProject section */

/* Begin PBXResourcesBuildPhase section */
		ECDB43A51AFA5C45000B0781 /* Resources */ = {
			isa = PBXResourcesBuildPhase;
			buildActionMask = 2147483647;
			files = (
				2661BCEB1B0E2B2300B7D8E9 /* template_adal_settings.plist in Resources */,
			);
			runOnlyForDeploymentPostprocessing = 0;
		};
		ECDB43B01AFA5C45000B0781 /* Resources */ = {
			isa = PBXResourcesBuildPhase;
			buildActionMask = 2147483647;
			files = (
			);
			runOnlyForDeploymentPostprocessing = 0;
		};
/* End PBXResourcesBuildPhase section */

/* Begin PBXShellScriptBuildPhase section */
		64A4154B5687267EDECF66C8 /* Copy Pods Resources */ = {
			isa = PBXShellScriptBuildPhase;
			buildActionMask = 2147483647;
			files = (
			);
			inputPaths = (
			);
			name = "Copy Pods Resources";
			outputPaths = (
			);
			runOnlyForDeploymentPostprocessing = 0;
			shellPath = /bin/sh;
			shellScript = "\"${SRCROOT}/../Pods/Target Support Files/Pods/Pods-resources.sh\"\n";
			showEnvVarsInLog = 0;
		};
		7B63031FA729BB0BDAC2FF6A /* Check Pods Manifest.lock */ = {
			isa = PBXShellScriptBuildPhase;
			buildActionMask = 2147483647;
			files = (
			);
			inputPaths = (
			);
			name = "Check Pods Manifest.lock";
			outputPaths = (
			);
			runOnlyForDeploymentPostprocessing = 0;
			shellPath = /bin/sh;
			shellScript = "diff \"${PODS_ROOT}/../Podfile.lock\" \"${PODS_ROOT}/Manifest.lock\" > /dev/null\nif [[ $? != 0 ]] ; then\n    cat << EOM\nerror: The sandbox is not in sync with the Podfile.lock. Run 'pod install' or update your CocoaPods installation.\nEOM\n    exit 1\nfi\n";
			showEnvVarsInLog = 0;
		};
/* End PBXShellScriptBuildPhase section */

/* Begin PBXSourcesBuildPhase section */
		ECDB43A21AFA5C45000B0781 /* Sources */ = {
			isa = PBXSourcesBuildPhase;
			buildActionMask = 2147483647;
			files = (
				2661BCE71B0E2B2300B7D8E9 /* MSOrcURLImpl.m in Sources */,
				2661BCD51B0E2B2300B7D8E9 /* LiveDependencyResolver.m in Sources */,
				2661BCDF1B0E2B2300B7D8E9 /* MSOrcLoggerImpl.m in Sources */,
				2661BCE51B0E2B2300B7D8E9 /* MSOrcResponseImpl.m in Sources */,
				2661BCDB1B0E2B2300B7D8E9 /* MSOrcHttpConnection.m in Sources */,
				2661BCD91B0E2B2300B7D8E9 /* MSOrcDefaultDependencyResolver.m in Sources */,
				2661BCE31B0E2B2300B7D8E9 /* MSOrcRequestImpl.m in Sources */,
				2661BCCE1B0E2B2300B7D8E9 /* ADALDependencyResolver.m in Sources */,
				354C9C991BDA89B900C84B48 /* MSOrcJSONSerializer.m in Sources */,
				2661BCE91B0E2B2300B7D8E9 /* NSString+NSStringExtensions.m in Sources */,
				2661BCD71B0E2B2300B7D8E9 /* MSOrcBasicCredentials.m in Sources */,
				2661BCE11B0E2B2300B7D8E9 /* MSOrcOAuthCredentials.m in Sources */,
			);
			runOnlyForDeploymentPostprocessing = 0;
		};
		ECDB43AE1AFA5C45000B0781 /* Sources */ = {
			isa = PBXSourcesBuildPhase;
			buildActionMask = 2147483647;
			files = (
				2661BCFA1B0E399A00B7D8E9 /* implTests.m in Sources */,
			);
			runOnlyForDeploymentPostprocessing = 0;
		};
/* End PBXSourcesBuildPhase section */

/* Begin PBXTargetDependency section */
		ECDB43B51AFA5C45000B0781 /* PBXTargetDependency */ = {
			isa = PBXTargetDependency;
			target = ECDB43A61AFA5C45000B0781 /* impl */;
			targetProxy = ECDB43B41AFA5C45000B0781 /* PBXContainerItemProxy */;
		};
/* End PBXTargetDependency section */

/* Begin XCBuildConfiguration section */
		ECDB43BB1AFA5C45000B0781 /* Debug */ = {
			isa = XCBuildConfiguration;
			buildSettings = {
				ALWAYS_SEARCH_USER_PATHS = NO;
				CLANG_CXX_LANGUAGE_STANDARD = "gnu++0x";
				CLANG_CXX_LIBRARY = "libc++";
				CLANG_ENABLE_MODULES = YES;
				CLANG_ENABLE_OBJC_ARC = YES;
				CLANG_WARN_BOOL_CONVERSION = YES;
				CLANG_WARN_CONSTANT_CONVERSION = YES;
				CLANG_WARN_DIRECT_OBJC_ISA_USAGE = YES_ERROR;
				CLANG_WARN_EMPTY_BODY = YES;
				CLANG_WARN_ENUM_CONVERSION = YES;
				CLANG_WARN_INT_CONVERSION = YES;
				CLANG_WARN_OBJC_ROOT_CLASS = YES_ERROR;
				CLANG_WARN_UNREACHABLE_CODE = YES;
				CLANG_WARN__DUPLICATE_METHOD_MATCH = YES;
				"CODE_SIGN_IDENTITY[sdk=iphoneos*]" = "iPhone Developer";
				COPY_PHASE_STRIP = NO;
				CURRENT_PROJECT_VERSION = 1;
				DEBUG_INFORMATION_FORMAT = "dwarf-with-dsym";
				ENABLE_STRICT_OBJC_MSGSEND = YES;
				GCC_C_LANGUAGE_STANDARD = gnu99;
				GCC_DYNAMIC_NO_PIC = NO;
				GCC_NO_COMMON_BLOCKS = YES;
				GCC_OPTIMIZATION_LEVEL = 0;
				GCC_PREPROCESSOR_DEFINITIONS = (
					"DEBUG=1",
					"$(inherited)",
				);
				GCC_SYMBOLS_PRIVATE_EXTERN = NO;
				GCC_WARN_64_TO_32_BIT_CONVERSION = YES;
				GCC_WARN_ABOUT_RETURN_TYPE = YES_ERROR;
				GCC_WARN_UNDECLARED_SELECTOR = YES;
				GCC_WARN_UNINITIALIZED_AUTOS = YES_AGGRESSIVE;
				GCC_WARN_UNUSED_FUNCTION = YES;
				GCC_WARN_UNUSED_VARIABLE = YES;
				IPHONEOS_DEPLOYMENT_TARGET = 8.3;
				MTL_ENABLE_DEBUG_INFO = YES;
				ONLY_ACTIVE_ARCH = YES;
				SDKROOT = iphoneos;
				TARGETED_DEVICE_FAMILY = "1,2";
				VERSIONING_SYSTEM = "apple-generic";
				VERSION_INFO_PREFIX = "";
			};
			name = Debug;
		};
		ECDB43BC1AFA5C45000B0781 /* Release */ = {
			isa = XCBuildConfiguration;
			buildSettings = {
				ALWAYS_SEARCH_USER_PATHS = NO;
				CLANG_CXX_LANGUAGE_STANDARD = "gnu++0x";
				CLANG_CXX_LIBRARY = "libc++";
				CLANG_ENABLE_MODULES = YES;
				CLANG_ENABLE_OBJC_ARC = YES;
				CLANG_WARN_BOOL_CONVERSION = YES;
				CLANG_WARN_CONSTANT_CONVERSION = YES;
				CLANG_WARN_DIRECT_OBJC_ISA_USAGE = YES_ERROR;
				CLANG_WARN_EMPTY_BODY = YES;
				CLANG_WARN_ENUM_CONVERSION = YES;
				CLANG_WARN_INT_CONVERSION = YES;
				CLANG_WARN_OBJC_ROOT_CLASS = YES_ERROR;
				CLANG_WARN_UNREACHABLE_CODE = YES;
				CLANG_WARN__DUPLICATE_METHOD_MATCH = YES;
				"CODE_SIGN_IDENTITY[sdk=iphoneos*]" = "iPhone Developer";
				COPY_PHASE_STRIP = NO;
				CURRENT_PROJECT_VERSION = 1;
				DEBUG_INFORMATION_FORMAT = "dwarf-with-dsym";
				ENABLE_NS_ASSERTIONS = NO;
				ENABLE_STRICT_OBJC_MSGSEND = YES;
				GCC_C_LANGUAGE_STANDARD = gnu99;
				GCC_NO_COMMON_BLOCKS = YES;
				GCC_WARN_64_TO_32_BIT_CONVERSION = YES;
				GCC_WARN_ABOUT_RETURN_TYPE = YES_ERROR;
				GCC_WARN_UNDECLARED_SELECTOR = YES;
				GCC_WARN_UNINITIALIZED_AUTOS = YES_AGGRESSIVE;
				GCC_WARN_UNUSED_FUNCTION = YES;
				GCC_WARN_UNUSED_VARIABLE = YES;
				IPHONEOS_DEPLOYMENT_TARGET = 8.3;
				MTL_ENABLE_DEBUG_INFO = NO;
				SDKROOT = iphoneos;
				TARGETED_DEVICE_FAMILY = "1,2";
				VALIDATE_PRODUCT = YES;
				VERSIONING_SYSTEM = "apple-generic";
				VERSION_INFO_PREFIX = "";
			};
			name = Release;
		};
		ECDB43BE1AFA5C45000B0781 /* Debug */ = {
			isa = XCBuildConfiguration;
			baseConfigurationReference = E4B55BF3315F191BB3A02691 /* Pods.debug.xcconfig */;
			buildSettings = {
				DEFINES_MODULE = YES;
				DYLIB_COMPATIBILITY_VERSION = 0.10.0;
				DYLIB_CURRENT_VERSION = 0.10.0;
				DYLIB_INSTALL_NAME_BASE = "@rpath";
				FRAMEWORK_SEARCH_PATHS = (
					"$(inherited)",
					"/Users/joshgav/office/orc-for-ios/api/build/Debug-iphoneos",
					"/Users/joshgav/office/orc-for-ios/core/build/Debug-iphoneos",
					"/Users/miguelangelperezmartinez/Documents/Work/orc-for-ios/api/build/Debug-iphoneos",
					"/Users/miguelangelperezmartinez/Documents/Work/orc-for-ios/core/build/Debug-iphoneos",
				);
				INFOPLIST_FILE = "$(SRCROOT)/impl/Info.plist";
				INSTALL_PATH = "$(LOCAL_LIBRARY_DIR)/Frameworks";
				LD_RUNPATH_SEARCH_PATHS = "$(inherited) @executable_path/Frameworks @loader_path/Frameworks";
				MACH_O_TYPE = staticlib;
				OTHER_LIBTOOLFLAGS = "$(inherited) $(OTHER_LDFLAGS)";
				PRODUCT_NAME = "$(TARGET_NAME)";
				SKIP_INSTALL = YES;
			};
			name = Debug;
		};
		ECDB43BF1AFA5C45000B0781 /* Release */ = {
			isa = XCBuildConfiguration;
			baseConfigurationReference = D6D8E955022E9C85611DFA4E /* Pods.release.xcconfig */;
			buildSettings = {
				DEFINES_MODULE = YES;
				DYLIB_COMPATIBILITY_VERSION = 0.10.0;
				DYLIB_CURRENT_VERSION = 0.10.0;
				DYLIB_INSTALL_NAME_BASE = "@rpath";
				FRAMEWORK_SEARCH_PATHS = (
					"$(inherited)",
					"/Users/joshgav/office/orc-for-ios/api/build/Debug-iphoneos",
					"/Users/joshgav/office/orc-for-ios/core/build/Debug-iphoneos",
					"/Users/miguelangelperezmartinez/Documents/Work/orc-for-ios/api/build/Debug-iphoneos",
					"/Users/miguelangelperezmartinez/Documents/Work/orc-for-ios/core/build/Debug-iphoneos",
				);
				INFOPLIST_FILE = "$(SRCROOT)/impl/Info.plist";
				INSTALL_PATH = "$(LOCAL_LIBRARY_DIR)/Frameworks";
				LD_RUNPATH_SEARCH_PATHS = "$(inherited) @executable_path/Frameworks @loader_path/Frameworks";
				MACH_O_TYPE = staticlib;
				OTHER_LIBTOOLFLAGS = "$(inherited) $(OTHER_LDFLAGS)";
				PRODUCT_NAME = "$(TARGET_NAME)";
				SKIP_INSTALL = YES;
			};
			name = Release;
		};
		ECDB43C11AFA5C45000B0781 /* Debug */ = {
			isa = XCBuildConfiguration;
			buildSettings = {
				FRAMEWORK_SEARCH_PATHS = (
					"$(SDKROOT)/Developer/Library/Frameworks",
					"$(inherited)",
				);
				GCC_PREPROCESSOR_DEFINITIONS = (
					"DEBUG=1",
					"$(inherited)",
				);
				INFOPLIST_FILE = implTests/Info.plist;
				LD_RUNPATH_SEARCH_PATHS = "$(inherited) @executable_path/Frameworks @loader_path/Frameworks";
				PRODUCT_NAME = "$(TARGET_NAME)";
			};
			name = Debug;
		};
		ECDB43C21AFA5C45000B0781 /* Release */ = {
			isa = XCBuildConfiguration;
			buildSettings = {
				FRAMEWORK_SEARCH_PATHS = (
					"$(SDKROOT)/Developer/Library/Frameworks",
					"$(inherited)",
				);
				INFOPLIST_FILE = implTests/Info.plist;
				LD_RUNPATH_SEARCH_PATHS = "$(inherited) @executable_path/Frameworks @loader_path/Frameworks";
				PRODUCT_NAME = "$(TARGET_NAME)";
			};
			name = Release;
		};
/* End XCBuildConfiguration section */

/* Begin XCConfigurationList section */
		ECDB43A11AFA5C45000B0781 /* Build configuration list for PBXProject "impl" */ = {
			isa = XCConfigurationList;
			buildConfigurations = (
				ECDB43BB1AFA5C45000B0781 /* Debug */,
				ECDB43BC1AFA5C45000B0781 /* Release */,
			);
			defaultConfigurationIsVisible = 0;
			defaultConfigurationName = Release;
		};
		ECDB43BD1AFA5C45000B0781 /* Build configuration list for PBXNativeTarget "impl" */ = {
			isa = XCConfigurationList;
			buildConfigurations = (
				ECDB43BE1AFA5C45000B0781 /* Debug */,
				ECDB43BF1AFA5C45000B0781 /* Release */,
			);
			defaultConfigurationIsVisible = 0;
			defaultConfigurationName = Release;
		};
		ECDB43C01AFA5C45000B0781 /* Build configuration list for PBXNativeTarget "implTests" */ = {
			isa = XCConfigurationList;
			buildConfigurations = (
				ECDB43C11AFA5C45000B0781 /* Debug */,
				ECDB43C21AFA5C45000B0781 /* Release */,
			);
			defaultConfigurationIsVisible = 0;
			defaultConfigurationName = Release;
		};
/* End XCConfigurationList section */
	};
	rootObject = ECDB439E1AFA5C45000B0781 /* Project object */;
}
