// !$*UTF8*$!
{
	archiveVersion = 1;
	classes = {
	};
	objectVersion = 46;
	objects = {

/* Begin PBXBuildFile section */
		1C0409931B30B75000792A86 /* getSampleEntityGET.json in Resources */ = {isa = PBXBuildFile; fileRef = 1C04098B1B30B75000792A86 /* getSampleEntityGET.json */; };
		1C0409941B30B75000792A86 /* getSampleEntityWith3NavigationsGET.json in Resources */ = {isa = PBXBuildFile; fileRef = 1C04098C1B30B75000792A86 /* getSampleEntityWith3NavigationsGET.json */; };
		1C0409951B30B75000792A86 /* getSampleEntityWithNavigationsGET.json in Resources */ = {isa = PBXBuildFile; fileRef = 1C04098D1B30B75000792A86 /* getSampleEntityWithNavigationsGET.json */; };
		1C0409961B30B75000792A86 /* getSampleEntityWithNestedGET.json in Resources */ = {isa = PBXBuildFile; fileRef = 1C04098E1B30B75000792A86 /* getSampleEntityWithNestedGET.json */; };
		1C0409971B30B75000792A86 /* updateSampleEntityListPropertyChangedPATCH.json in Resources */ = {isa = PBXBuildFile; fileRef = 1C04098F1B30B75000792A86 /* updateSampleEntityListPropertyChangedPATCH.json */; };
		1C0409981B30B75000792A86 /* updateSampleEntityListWith3ElementsPropertyChangedPATCH.json in Resources */ = {isa = PBXBuildFile; fileRef = 1C0409901B30B75000792A86 /* updateSampleEntityListWith3ElementsPropertyChangedPATCH.json */; };
		1C0409991B30B75000792A86 /* updateSampleEntityNestedPropertyChangedPATCH.json in Resources */ = {isa = PBXBuildFile; fileRef = 1C0409911B30B75000792A86 /* updateSampleEntityNestedPropertyChangedPATCH.json */; };
		1C04099A1B30B75000792A86 /* updateSampleEntityPATCH.json in Resources */ = {isa = PBXBuildFile; fileRef = 1C0409921B30B75000792A86 /* updateSampleEntityPATCH.json */; };
		1C4508B31A3B2D59008C9668 /* getNavigationItemGET.json in Resources */ = {isa = PBXBuildFile; fileRef = 1C4508A91A3B2D59008C9668 /* getNavigationItemGET.json */; };
		1C4508B41A3B2D59008C9668 /* getNavigationItemWithSelectGET.json in Resources */ = {isa = PBXBuildFile; fileRef = 1C4508AA1A3B2D59008C9668 /* getNavigationItemWithSelectGET.json */; };
		1C4508B51A3B2D59008C9668 /* getNavigationsWithParameters.json in Resources */ = {isa = PBXBuildFile; fileRef = 1C4508AB1A3B2D59008C9668 /* getNavigationsWithParameters.json */; };
		1C4508B61A3B2D59008C9668 /* getNavigationsWithSelectAndTopGET.json in Resources */ = {isa = PBXBuildFile; fileRef = 1C4508AC1A3B2D59008C9668 /* getNavigationsWithSelectAndTopGET.json */; };
		1C4508B71A3B2D59008C9668 /* testDefaultHeaders.json in Resources */ = {isa = PBXBuildFile; fileRef = 1C4508AD1A3B2D59008C9668 /* testDefaultHeaders.json */; };
		1C4508B81A3B2D59008C9668 /* updateNavigationItemPOST.json in Resources */ = {isa = PBXBuildFile; fileRef = 1C4508AE1A3B2D59008C9668 /* updateNavigationItemPOST.json */; };
		1C4508B91A3B2D59008C9668 /* addNavigationItemPOST.json in Resources */ = {isa = PBXBuildFile; fileRef = 1C4508AF1A3B2D59008C9668 /* addNavigationItemPOST.json */; };
		1C4508BA1A3B2D59008C9668 /* deleteNavigationItemDELETE.json in Resources */ = {isa = PBXBuildFile; fileRef = 1C4508B01A3B2D59008C9668 /* deleteNavigationItemDELETE.json */; };
		1C4508BB1A3B2D59008C9668 /* getCollectionsWithExpandAndFilter.json in Resources */ = {isa = PBXBuildFile; fileRef = 1C4508B11A3B2D59008C9668 /* getCollectionsWithExpandAndFilter.json */; };
		1C4508BC1A3B2D59008C9668 /* getCollectionsWithHeaders.json in Resources */ = {isa = PBXBuildFile; fileRef = 1C4508B21A3B2D59008C9668 /* getCollectionsWithHeaders.json */; };
		3513DE0B1BEBEA5B003020AF /* MSSampleServiceAnotherEntityCollectionFetcher.m in Sources */ = {isa = PBXBuildFile; fileRef = 3513DDC81BEBEA5B003020AF /* MSSampleServiceAnotherEntityCollectionFetcher.m */; };
		3513DE0C1BEBEA5B003020AF /* MSSampleServiceAnotherEntityCollectionOperations.m in Sources */ = {isa = PBXBuildFile; fileRef = 3513DDCA1BEBEA5B003020AF /* MSSampleServiceAnotherEntityCollectionOperations.m */; };
		3513DE0D1BEBEA5B003020AF /* MSSampleServiceAnotherEntityFetcher.m in Sources */ = {isa = PBXBuildFile; fileRef = 3513DDCC1BEBEA5B003020AF /* MSSampleServiceAnotherEntityFetcher.m */; };
		3513DE0E1BEBEA5B003020AF /* MSSampleServiceAnotherEntityOperations.m in Sources */ = {isa = PBXBuildFile; fileRef = 3513DDCE1BEBEA5B003020AF /* MSSampleServiceAnotherEntityOperations.m */; };
		3513DE0F1BEBEA5B003020AF /* MSSampleServiceClient.m in Sources */ = {isa = PBXBuildFile; fileRef = 3513DDD01BEBEA5B003020AF /* MSSampleServiceClient.m */; };
		3513DE101BEBEA5B003020AF /* MSSampleServiceEntityCollectionFetcher.m in Sources */ = {isa = PBXBuildFile; fileRef = 3513DDD21BEBEA5B003020AF /* MSSampleServiceEntityCollectionFetcher.m */; };
		3513DE111BEBEA5B003020AF /* MSSampleServiceEntityCollectionOperations.m in Sources */ = {isa = PBXBuildFile; fileRef = 3513DDD41BEBEA5B003020AF /* MSSampleServiceEntityCollectionOperations.m */; };
		3513DE121BEBEA5B003020AF /* MSSampleServiceEntityFetcher.m in Sources */ = {isa = PBXBuildFile; fileRef = 3513DDD61BEBEA5B003020AF /* MSSampleServiceEntityFetcher.m */; };
		3513DE131BEBEA5B003020AF /* MSSampleServiceEntityOperations.m in Sources */ = {isa = PBXBuildFile; fileRef = 3513DDD81BEBEA5B003020AF /* MSSampleServiceEntityOperations.m */; };
		3513DE141BEBEA5B003020AF /* MSSampleServiceItemACollectionFetcher.m in Sources */ = {isa = PBXBuildFile; fileRef = 3513DDDB1BEBEA5B003020AF /* MSSampleServiceItemACollectionFetcher.m */; };
		3513DE151BEBEA5B003020AF /* MSSampleServiceItemACollectionOperations.m in Sources */ = {isa = PBXBuildFile; fileRef = 3513DDDD1BEBEA5B003020AF /* MSSampleServiceItemACollectionOperations.m */; };
		3513DE161BEBEA5B003020AF /* MSSampleServiceItemAFetcher.m in Sources */ = {isa = PBXBuildFile; fileRef = 3513DDDF1BEBEA5B003020AF /* MSSampleServiceItemAFetcher.m */; };
		3513DE171BEBEA5B003020AF /* MSSampleServiceItemAOperations.m in Sources */ = {isa = PBXBuildFile; fileRef = 3513DDE11BEBEA5B003020AF /* MSSampleServiceItemAOperations.m */; };
		3513DE181BEBEA5B003020AF /* MSSampleServiceItemBCollectionFetcher.m in Sources */ = {isa = PBXBuildFile; fileRef = 3513DDE31BEBEA5B003020AF /* MSSampleServiceItemBCollectionFetcher.m */; };
		3513DE191BEBEA5B003020AF /* MSSampleServiceItemBCollectionOperations.m in Sources */ = {isa = PBXBuildFile; fileRef = 3513DDE51BEBEA5B003020AF /* MSSampleServiceItemBCollectionOperations.m */; };
		3513DE1A1BEBEA5B003020AF /* MSSampleServiceItemBFetcher.m in Sources */ = {isa = PBXBuildFile; fileRef = 3513DDE71BEBEA5B003020AF /* MSSampleServiceItemBFetcher.m */; };
		3513DE1B1BEBEA5B003020AF /* MSSampleServiceItemBOperations.m in Sources */ = {isa = PBXBuildFile; fileRef = 3513DDE91BEBEA5B003020AF /* MSSampleServiceItemBOperations.m */; };
		3513DE1C1BEBEA5B003020AF /* MSSampleServiceItemCollectionFetcher.m in Sources */ = {isa = PBXBuildFile; fileRef = 3513DDEB1BEBEA5B003020AF /* MSSampleServiceItemCollectionFetcher.m */; };
		3513DE1D1BEBEA5B003020AF /* MSSampleServiceItemCollectionOperations.m in Sources */ = {isa = PBXBuildFile; fileRef = 3513DDED1BEBEA5B003020AF /* MSSampleServiceItemCollectionOperations.m */; };
		3513DE1E1BEBEA5B003020AF /* MSSampleServiceItemFetcher.m in Sources */ = {isa = PBXBuildFile; fileRef = 3513DDEF1BEBEA5B003020AF /* MSSampleServiceItemFetcher.m */; };
		3513DE1F1BEBEA5B003020AF /* MSSampleServiceItemOperations.m in Sources */ = {isa = PBXBuildFile; fileRef = 3513DDF11BEBEA5B003020AF /* MSSampleServiceItemOperations.m */; };
		3513DE201BEBEA5B003020AF /* MSSampleServiceSampleEntityCollectionFetcher.m in Sources */ = {isa = PBXBuildFile; fileRef = 3513DDF31BEBEA5B003020AF /* MSSampleServiceSampleEntityCollectionFetcher.m */; };
		3513DE211BEBEA5B003020AF /* MSSampleServiceSampleEntityCollectionOperations.m in Sources */ = {isa = PBXBuildFile; fileRef = 3513DDF51BEBEA5B003020AF /* MSSampleServiceSampleEntityCollectionOperations.m */; };
		3513DE221BEBEA5B003020AF /* MSSampleServiceSampleEntityFetcher.m in Sources */ = {isa = PBXBuildFile; fileRef = 3513DDF71BEBEA5B003020AF /* MSSampleServiceSampleEntityFetcher.m */; };
		3513DE231BEBEA5B003020AF /* MSSampleServiceSampleEntityOperations.m in Sources */ = {isa = PBXBuildFile; fileRef = 3513DDF91BEBEA5B003020AF /* MSSampleServiceSampleEntityOperations.m */; };
		3513DE241BEBEA5B003020AF /* MSSampleServiceAnotherEntity.m in Sources */ = {isa = PBXBuildFile; fileRef = 3513DDFC1BEBEA5B003020AF /* MSSampleServiceAnotherEntity.m */; };
		3513DE251BEBEA5B003020AF /* MSSampleServiceEntity.m in Sources */ = {isa = PBXBuildFile; fileRef = 3513DDFE1BEBEA5B003020AF /* MSSampleServiceEntity.m */; };
		3513DE261BEBEA5B003020AF /* MSSampleServiceItem.m in Sources */ = {isa = PBXBuildFile; fileRef = 3513DE001BEBEA5B003020AF /* MSSampleServiceItem.m */; };
		3513DE271BEBEA5B003020AF /* MSSampleServiceItemA.m in Sources */ = {isa = PBXBuildFile; fileRef = 3513DE021BEBEA5B003020AF /* MSSampleServiceItemA.m */; };
		3513DE281BEBEA5B003020AF /* MSSampleServiceItemB.m in Sources */ = {isa = PBXBuildFile; fileRef = 3513DE041BEBEA5B003020AF /* MSSampleServiceItemB.m */; };
		3513DE291BEBEA5B003020AF /* MSSampleServiceSampleComplexType.m in Sources */ = {isa = PBXBuildFile; fileRef = 3513DE071BEBEA5B003020AF /* MSSampleServiceSampleComplexType.m */; };
		3513DE2A1BEBEA5B003020AF /* MSSampleServiceSampleEntity.m in Sources */ = {isa = PBXBuildFile; fileRef = 3513DE091BEBEA5B003020AF /* MSSampleServiceSampleEntity.m */; };
		D3779E51EF1F23E334C3D4BF /* libPods.a in Frameworks */ = {isa = PBXBuildFile; fileRef = AF68466ED531F94F1F075404 /* libPods.a */; };
		EC8514291A38C9F400385C38 /* SampleServiceTests.m in Sources */ = {isa = PBXBuildFile; fileRef = EC8514281A38C9F400385C38 /* SampleServiceTests.m */; };
		EC8514331A38CC8900385C38 /* Foundation.framework in Frameworks */ = {isa = PBXBuildFile; fileRef = EC8514321A38CC8900385C38 /* Foundation.framework */; };
/* End PBXBuildFile section */

/* Begin PBXFileReference section */
		12D51873798CF8250A38C814 /* Pods.release.xcconfig */ = {isa = PBXFileReference; includeInIndex = 1; lastKnownFileType = text.xcconfig; name = Pods.release.xcconfig; path = "Pods/Target Support Files/Pods/Pods.release.xcconfig"; sourceTree = "<group>"; };
		1C04098B1B30B75000792A86 /* getSampleEntityGET.json */ = {isa = PBXFileReference; fileEncoding = 4; lastKnownFileType = text.json; path = getSampleEntityGET.json; sourceTree = "<group>"; };
		1C04098C1B30B75000792A86 /* getSampleEntityWith3NavigationsGET.json */ = {isa = PBXFileReference; fileEncoding = 4; lastKnownFileType = text.json; path = getSampleEntityWith3NavigationsGET.json; sourceTree = "<group>"; };
		1C04098D1B30B75000792A86 /* getSampleEntityWithNavigationsGET.json */ = {isa = PBXFileReference; fileEncoding = 4; lastKnownFileType = text.json; path = getSampleEntityWithNavigationsGET.json; sourceTree = "<group>"; };
		1C04098E1B30B75000792A86 /* getSampleEntityWithNestedGET.json */ = {isa = PBXFileReference; fileEncoding = 4; lastKnownFileType = text.json; path = getSampleEntityWithNestedGET.json; sourceTree = "<group>"; };
		1C04098F1B30B75000792A86 /* updateSampleEntityListPropertyChangedPATCH.json */ = {isa = PBXFileReference; fileEncoding = 4; lastKnownFileType = text.json; path = updateSampleEntityListPropertyChangedPATCH.json; sourceTree = "<group>"; };
		1C0409901B30B75000792A86 /* updateSampleEntityListWith3ElementsPropertyChangedPATCH.json */ = {isa = PBXFileReference; fileEncoding = 4; lastKnownFileType = text.json; path = updateSampleEntityListWith3ElementsPropertyChangedPATCH.json; sourceTree = "<group>"; };
		1C0409911B30B75000792A86 /* updateSampleEntityNestedPropertyChangedPATCH.json */ = {isa = PBXFileReference; fileEncoding = 4; lastKnownFileType = text.json; path = updateSampleEntityNestedPropertyChangedPATCH.json; sourceTree = "<group>"; };
		1C0409921B30B75000792A86 /* updateSampleEntityPATCH.json */ = {isa = PBXFileReference; fileEncoding = 4; lastKnownFileType = text.json; path = updateSampleEntityPATCH.json; sourceTree = "<group>"; };
		1C4508A91A3B2D59008C9668 /* getNavigationItemGET.json */ = {isa = PBXFileReference; fileEncoding = 4; lastKnownFileType = text.json; path = getNavigationItemGET.json; sourceTree = "<group>"; };
		1C4508AA1A3B2D59008C9668 /* getNavigationItemWithSelectGET.json */ = {isa = PBXFileReference; fileEncoding = 4; lastKnownFileType = text.json; path = getNavigationItemWithSelectGET.json; sourceTree = "<group>"; };
		1C4508AB1A3B2D59008C9668 /* getNavigationsWithParameters.json */ = {isa = PBXFileReference; fileEncoding = 4; lastKnownFileType = text.json; path = getNavigationsWithParameters.json; sourceTree = "<group>"; };
		1C4508AC1A3B2D59008C9668 /* getNavigationsWithSelectAndTopGET.json */ = {isa = PBXFileReference; fileEncoding = 4; lastKnownFileType = text.json; path = getNavigationsWithSelectAndTopGET.json; sourceTree = "<group>"; };
		1C4508AD1A3B2D59008C9668 /* testDefaultHeaders.json */ = {isa = PBXFileReference; fileEncoding = 4; lastKnownFileType = text.json; path = testDefaultHeaders.json; sourceTree = "<group>"; };
		1C4508AE1A3B2D59008C9668 /* updateNavigationItemPOST.json */ = {isa = PBXFileReference; fileEncoding = 4; lastKnownFileType = text.json; path = updateNavigationItemPOST.json; sourceTree = "<group>"; };
		1C4508AF1A3B2D59008C9668 /* addNavigationItemPOST.json */ = {isa = PBXFileReference; fileEncoding = 4; lastKnownFileType = text.json; path = addNavigationItemPOST.json; sourceTree = "<group>"; };
		1C4508B01A3B2D59008C9668 /* deleteNavigationItemDELETE.json */ = {isa = PBXFileReference; fileEncoding = 4; lastKnownFileType = text.json; path = deleteNavigationItemDELETE.json; sourceTree = "<group>"; };
		1C4508B11A3B2D59008C9668 /* getCollectionsWithExpandAndFilter.json */ = {isa = PBXFileReference; fileEncoding = 4; lastKnownFileType = text.json; path = getCollectionsWithExpandAndFilter.json; sourceTree = "<group>"; };
		1C4508B21A3B2D59008C9668 /* getCollectionsWithHeaders.json */ = {isa = PBXFileReference; fileEncoding = 4; lastKnownFileType = text.json; path = getCollectionsWithHeaders.json; sourceTree = "<group>"; };
		3513DDC71BEBEA5B003020AF /* MSSampleServiceAnotherEntityCollectionFetcher.h */ = {isa = PBXFileReference; fileEncoding = 4; lastKnownFileType = sourcecode.c.h; path = MSSampleServiceAnotherEntityCollectionFetcher.h; sourceTree = "<group>"; };
		3513DDC81BEBEA5B003020AF /* MSSampleServiceAnotherEntityCollectionFetcher.m */ = {isa = PBXFileReference; fileEncoding = 4; lastKnownFileType = sourcecode.c.objc; path = MSSampleServiceAnotherEntityCollectionFetcher.m; sourceTree = "<group>"; };
		3513DDC91BEBEA5B003020AF /* MSSampleServiceAnotherEntityCollectionOperations.h */ = {isa = PBXFileReference; fileEncoding = 4; lastKnownFileType = sourcecode.c.h; path = MSSampleServiceAnotherEntityCollectionOperations.h; sourceTree = "<group>"; };
		3513DDCA1BEBEA5B003020AF /* MSSampleServiceAnotherEntityCollectionOperations.m */ = {isa = PBXFileReference; fileEncoding = 4; lastKnownFileType = sourcecode.c.objc; path = MSSampleServiceAnotherEntityCollectionOperations.m; sourceTree = "<group>"; };
		3513DDCB1BEBEA5B003020AF /* MSSampleServiceAnotherEntityFetcher.h */ = {isa = PBXFileReference; fileEncoding = 4; lastKnownFileType = sourcecode.c.h; path = MSSampleServiceAnotherEntityFetcher.h; sourceTree = "<group>"; };
		3513DDCC1BEBEA5B003020AF /* MSSampleServiceAnotherEntityFetcher.m */ = {isa = PBXFileReference; fileEncoding = 4; lastKnownFileType = sourcecode.c.objc; path = MSSampleServiceAnotherEntityFetcher.m; sourceTree = "<group>"; };
		3513DDCD1BEBEA5B003020AF /* MSSampleServiceAnotherEntityOperations.h */ = {isa = PBXFileReference; fileEncoding = 4; lastKnownFileType = sourcecode.c.h; path = MSSampleServiceAnotherEntityOperations.h; sourceTree = "<group>"; };
		3513DDCE1BEBEA5B003020AF /* MSSampleServiceAnotherEntityOperations.m */ = {isa = PBXFileReference; fileEncoding = 4; lastKnownFileType = sourcecode.c.objc; path = MSSampleServiceAnotherEntityOperations.m; sourceTree = "<group>"; };
		3513DDCF1BEBEA5B003020AF /* MSSampleServiceClient.h */ = {isa = PBXFileReference; fileEncoding = 4; lastKnownFileType = sourcecode.c.h; path = MSSampleServiceClient.h; sourceTree = "<group>"; };
		3513DDD01BEBEA5B003020AF /* MSSampleServiceClient.m */ = {isa = PBXFileReference; fileEncoding = 4; lastKnownFileType = sourcecode.c.objc; path = MSSampleServiceClient.m; sourceTree = "<group>"; };
		3513DDD11BEBEA5B003020AF /* MSSampleServiceEntityCollectionFetcher.h */ = {isa = PBXFileReference; fileEncoding = 4; lastKnownFileType = sourcecode.c.h; path = MSSampleServiceEntityCollectionFetcher.h; sourceTree = "<group>"; };
		3513DDD21BEBEA5B003020AF /* MSSampleServiceEntityCollectionFetcher.m */ = {isa = PBXFileReference; fileEncoding = 4; lastKnownFileType = sourcecode.c.objc; path = MSSampleServiceEntityCollectionFetcher.m; sourceTree = "<group>"; };
		3513DDD31BEBEA5B003020AF /* MSSampleServiceEntityCollectionOperations.h */ = {isa = PBXFileReference; fileEncoding = 4; lastKnownFileType = sourcecode.c.h; path = MSSampleServiceEntityCollectionOperations.h; sourceTree = "<group>"; };
		3513DDD41BEBEA5B003020AF /* MSSampleServiceEntityCollectionOperations.m */ = {isa = PBXFileReference; fileEncoding = 4; lastKnownFileType = sourcecode.c.objc; path = MSSampleServiceEntityCollectionOperations.m; sourceTree = "<group>"; };
		3513DDD51BEBEA5B003020AF /* MSSampleServiceEntityFetcher.h */ = {isa = PBXFileReference; fileEncoding = 4; lastKnownFileType = sourcecode.c.h; path = MSSampleServiceEntityFetcher.h; sourceTree = "<group>"; };
		3513DDD61BEBEA5B003020AF /* MSSampleServiceEntityFetcher.m */ = {isa = PBXFileReference; fileEncoding = 4; lastKnownFileType = sourcecode.c.objc; path = MSSampleServiceEntityFetcher.m; sourceTree = "<group>"; };
		3513DDD71BEBEA5B003020AF /* MSSampleServiceEntityOperations.h */ = {isa = PBXFileReference; fileEncoding = 4; lastKnownFileType = sourcecode.c.h; path = MSSampleServiceEntityOperations.h; sourceTree = "<group>"; };
		3513DDD81BEBEA5B003020AF /* MSSampleServiceEntityOperations.m */ = {isa = PBXFileReference; fileEncoding = 4; lastKnownFileType = sourcecode.c.objc; path = MSSampleServiceEntityOperations.m; sourceTree = "<group>"; };
		3513DDD91BEBEA5B003020AF /* MSSampleServiceFetchers.h */ = {isa = PBXFileReference; fileEncoding = 4; lastKnownFileType = sourcecode.c.h; path = MSSampleServiceFetchers.h; sourceTree = "<group>"; };
		3513DDDA1BEBEA5B003020AF /* MSSampleServiceItemACollectionFetcher.h */ = {isa = PBXFileReference; fileEncoding = 4; lastKnownFileType = sourcecode.c.h; path = MSSampleServiceItemACollectionFetcher.h; sourceTree = "<group>"; };
		3513DDDB1BEBEA5B003020AF /* MSSampleServiceItemACollectionFetcher.m */ = {isa = PBXFileReference; fileEncoding = 4; lastKnownFileType = sourcecode.c.objc; path = MSSampleServiceItemACollectionFetcher.m; sourceTree = "<group>"; };
		3513DDDC1BEBEA5B003020AF /* MSSampleServiceItemACollectionOperations.h */ = {isa = PBXFileReference; fileEncoding = 4; lastKnownFileType = sourcecode.c.h; path = MSSampleServiceItemACollectionOperations.h; sourceTree = "<group>"; };
		3513DDDD1BEBEA5B003020AF /* MSSampleServiceItemACollectionOperations.m */ = {isa = PBXFileReference; fileEncoding = 4; lastKnownFileType = sourcecode.c.objc; path = MSSampleServiceItemACollectionOperations.m; sourceTree = "<group>"; };
		3513DDDE1BEBEA5B003020AF /* MSSampleServiceItemAFetcher.h */ = {isa = PBXFileReference; fileEncoding = 4; lastKnownFileType = sourcecode.c.h; path = MSSampleServiceItemAFetcher.h; sourceTree = "<group>"; };
		3513DDDF1BEBEA5B003020AF /* MSSampleServiceItemAFetcher.m */ = {isa = PBXFileReference; fileEncoding = 4; lastKnownFileType = sourcecode.c.objc; path = MSSampleServiceItemAFetcher.m; sourceTree = "<group>"; };
		3513DDE01BEBEA5B003020AF /* MSSampleServiceItemAOperations.h */ = {isa = PBXFileReference; fileEncoding = 4; lastKnownFileType = sourcecode.c.h; path = MSSampleServiceItemAOperations.h; sourceTree = "<group>"; };
		3513DDE11BEBEA5B003020AF /* MSSampleServiceItemAOperations.m */ = {isa = PBXFileReference; fileEncoding = 4; lastKnownFileType = sourcecode.c.objc; path = MSSampleServiceItemAOperations.m; sourceTree = "<group>"; };
		3513DDE21BEBEA5B003020AF /* MSSampleServiceItemBCollectionFetcher.h */ = {isa = PBXFileReference; fileEncoding = 4; lastKnownFileType = sourcecode.c.h; path = MSSampleServiceItemBCollectionFetcher.h; sourceTree = "<group>"; };
		3513DDE31BEBEA5B003020AF /* MSSampleServiceItemBCollectionFetcher.m */ = {isa = PBXFileReference; fileEncoding = 4; lastKnownFileType = sourcecode.c.objc; path = MSSampleServiceItemBCollectionFetcher.m; sourceTree = "<group>"; };
		3513DDE41BEBEA5B003020AF /* MSSampleServiceItemBCollectionOperations.h */ = {isa = PBXFileReference; fileEncoding = 4; lastKnownFileType = sourcecode.c.h; path = MSSampleServiceItemBCollectionOperations.h; sourceTree = "<group>"; };
		3513DDE51BEBEA5B003020AF /* MSSampleServiceItemBCollectionOperations.m */ = {isa = PBXFileReference; fileEncoding = 4; lastKnownFileType = sourcecode.c.objc; path = MSSampleServiceItemBCollectionOperations.m; sourceTree = "<group>"; };
		3513DDE61BEBEA5B003020AF /* MSSampleServiceItemBFetcher.h */ = {isa = PBXFileReference; fileEncoding = 4; lastKnownFileType = sourcecode.c.h; path = MSSampleServiceItemBFetcher.h; sourceTree = "<group>"; };
		3513DDE71BEBEA5B003020AF /* MSSampleServiceItemBFetcher.m */ = {isa = PBXFileReference; fileEncoding = 4; lastKnownFileType = sourcecode.c.objc; path = MSSampleServiceItemBFetcher.m; sourceTree = "<group>"; };
		3513DDE81BEBEA5B003020AF /* MSSampleServiceItemBOperations.h */ = {isa = PBXFileReference; fileEncoding = 4; lastKnownFileType = sourcecode.c.h; path = MSSampleServiceItemBOperations.h; sourceTree = "<group>"; };
		3513DDE91BEBEA5B003020AF /* MSSampleServiceItemBOperations.m */ = {isa = PBXFileReference; fileEncoding = 4; lastKnownFileType = sourcecode.c.objc; path = MSSampleServiceItemBOperations.m; sourceTree = "<group>"; };
		3513DDEA1BEBEA5B003020AF /* MSSampleServiceItemCollectionFetcher.h */ = {isa = PBXFileReference; fileEncoding = 4; lastKnownFileType = sourcecode.c.h; path = MSSampleServiceItemCollectionFetcher.h; sourceTree = "<group>"; };
		3513DDEB1BEBEA5B003020AF /* MSSampleServiceItemCollectionFetcher.m */ = {isa = PBXFileReference; fileEncoding = 4; lastKnownFileType = sourcecode.c.objc; path = MSSampleServiceItemCollectionFetcher.m; sourceTree = "<group>"; };
		3513DDEC1BEBEA5B003020AF /* MSSampleServiceItemCollectionOperations.h */ = {isa = PBXFileReference; fileEncoding = 4; lastKnownFileType = sourcecode.c.h; path = MSSampleServiceItemCollectionOperations.h; sourceTree = "<group>"; };
		3513DDED1BEBEA5B003020AF /* MSSampleServiceItemCollectionOperations.m */ = {isa = PBXFileReference; fileEncoding = 4; lastKnownFileType = sourcecode.c.objc; path = MSSampleServiceItemCollectionOperations.m; sourceTree = "<group>"; };
		3513DDEE1BEBEA5B003020AF /* MSSampleServiceItemFetcher.h */ = {isa = PBXFileReference; fileEncoding = 4; lastKnownFileType = sourcecode.c.h; path = MSSampleServiceItemFetcher.h; sourceTree = "<group>"; };
		3513DDEF1BEBEA5B003020AF /* MSSampleServiceItemFetcher.m */ = {isa = PBXFileReference; fileEncoding = 4; lastKnownFileType = sourcecode.c.objc; path = MSSampleServiceItemFetcher.m; sourceTree = "<group>"; };
		3513DDF01BEBEA5B003020AF /* MSSampleServiceItemOperations.h */ = {isa = PBXFileReference; fileEncoding = 4; lastKnownFileType = sourcecode.c.h; path = MSSampleServiceItemOperations.h; sourceTree = "<group>"; };
		3513DDF11BEBEA5B003020AF /* MSSampleServiceItemOperations.m */ = {isa = PBXFileReference; fileEncoding = 4; lastKnownFileType = sourcecode.c.objc; path = MSSampleServiceItemOperations.m; sourceTree = "<group>"; };
		3513DDF21BEBEA5B003020AF /* MSSampleServiceSampleEntityCollectionFetcher.h */ = {isa = PBXFileReference; fileEncoding = 4; lastKnownFileType = sourcecode.c.h; path = MSSampleServiceSampleEntityCollectionFetcher.h; sourceTree = "<group>"; };
		3513DDF31BEBEA5B003020AF /* MSSampleServiceSampleEntityCollectionFetcher.m */ = {isa = PBXFileReference; fileEncoding = 4; lastKnownFileType = sourcecode.c.objc; path = MSSampleServiceSampleEntityCollectionFetcher.m; sourceTree = "<group>"; };
		3513DDF41BEBEA5B003020AF /* MSSampleServiceSampleEntityCollectionOperations.h */ = {isa = PBXFileReference; fileEncoding = 4; lastKnownFileType = sourcecode.c.h; path = MSSampleServiceSampleEntityCollectionOperations.h; sourceTree = "<group>"; };
		3513DDF51BEBEA5B003020AF /* MSSampleServiceSampleEntityCollectionOperations.m */ = {isa = PBXFileReference; fileEncoding = 4; lastKnownFileType = sourcecode.c.objc; path = MSSampleServiceSampleEntityCollectionOperations.m; sourceTree = "<group>"; };
		3513DDF61BEBEA5B003020AF /* MSSampleServiceSampleEntityFetcher.h */ = {isa = PBXFileReference; fileEncoding = 4; lastKnownFileType = sourcecode.c.h; path = MSSampleServiceSampleEntityFetcher.h; sourceTree = "<group>"; };
		3513DDF71BEBEA5B003020AF /* MSSampleServiceSampleEntityFetcher.m */ = {isa = PBXFileReference; fileEncoding = 4; lastKnownFileType = sourcecode.c.objc; path = MSSampleServiceSampleEntityFetcher.m; sourceTree = "<group>"; };
		3513DDF81BEBEA5B003020AF /* MSSampleServiceSampleEntityOperations.h */ = {isa = PBXFileReference; fileEncoding = 4; lastKnownFileType = sourcecode.c.h; path = MSSampleServiceSampleEntityOperations.h; sourceTree = "<group>"; };
		3513DDF91BEBEA5B003020AF /* MSSampleServiceSampleEntityOperations.m */ = {isa = PBXFileReference; fileEncoding = 4; lastKnownFileType = sourcecode.c.objc; path = MSSampleServiceSampleEntityOperations.m; sourceTree = "<group>"; };
		3513DDFB1BEBEA5B003020AF /* MSSampleServiceAnotherEntity.h */ = {isa = PBXFileReference; fileEncoding = 4; lastKnownFileType = sourcecode.c.h; path = MSSampleServiceAnotherEntity.h; sourceTree = "<group>"; };
		3513DDFC1BEBEA5B003020AF /* MSSampleServiceAnotherEntity.m */ = {isa = PBXFileReference; fileEncoding = 4; lastKnownFileType = sourcecode.c.objc; path = MSSampleServiceAnotherEntity.m; sourceTree = "<group>"; };
		3513DDFD1BEBEA5B003020AF /* MSSampleServiceEntity.h */ = {isa = PBXFileReference; fileEncoding = 4; lastKnownFileType = sourcecode.c.h; path = MSSampleServiceEntity.h; sourceTree = "<group>"; };
		3513DDFE1BEBEA5B003020AF /* MSSampleServiceEntity.m */ = {isa = PBXFileReference; fileEncoding = 4; lastKnownFileType = sourcecode.c.objc; path = MSSampleServiceEntity.m; sourceTree = "<group>"; };
		3513DDFF1BEBEA5B003020AF /* MSSampleServiceItem.h */ = {isa = PBXFileReference; fileEncoding = 4; lastKnownFileType = sourcecode.c.h; path = MSSampleServiceItem.h; sourceTree = "<group>"; };
		3513DE001BEBEA5B003020AF /* MSSampleServiceItem.m */ = {isa = PBXFileReference; fileEncoding = 4; lastKnownFileType = sourcecode.c.objc; path = MSSampleServiceItem.m; sourceTree = "<group>"; };
		3513DE011BEBEA5B003020AF /* MSSampleServiceItemA.h */ = {isa = PBXFileReference; fileEncoding = 4; lastKnownFileType = sourcecode.c.h; path = MSSampleServiceItemA.h; sourceTree = "<group>"; };
		3513DE021BEBEA5B003020AF /* MSSampleServiceItemA.m */ = {isa = PBXFileReference; fileEncoding = 4; lastKnownFileType = sourcecode.c.objc; path = MSSampleServiceItemA.m; sourceTree = "<group>"; };
		3513DE031BEBEA5B003020AF /* MSSampleServiceItemB.h */ = {isa = PBXFileReference; fileEncoding = 4; lastKnownFileType = sourcecode.c.h; path = MSSampleServiceItemB.h; sourceTree = "<group>"; };
		3513DE041BEBEA5B003020AF /* MSSampleServiceItemB.m */ = {isa = PBXFileReference; fileEncoding = 4; lastKnownFileType = sourcecode.c.objc; path = MSSampleServiceItemB.m; sourceTree = "<group>"; };
		3513DE051BEBEA5B003020AF /* MSSampleServiceModels.h */ = {isa = PBXFileReference; fileEncoding = 4; lastKnownFileType = sourcecode.c.h; path = MSSampleServiceModels.h; sourceTree = "<group>"; };
		3513DE061BEBEA5B003020AF /* MSSampleServiceSampleComplexType.h */ = {isa = PBXFileReference; fileEncoding = 4; lastKnownFileType = sourcecode.c.h; path = MSSampleServiceSampleComplexType.h; sourceTree = "<group>"; };
		3513DE071BEBEA5B003020AF /* MSSampleServiceSampleComplexType.m */ = {isa = PBXFileReference; fileEncoding = 4; lastKnownFileType = sourcecode.c.objc; path = MSSampleServiceSampleComplexType.m; sourceTree = "<group>"; };
		3513DE081BEBEA5B003020AF /* MSSampleServiceSampleEntity.h */ = {isa = PBXFileReference; fileEncoding = 4; lastKnownFileType = sourcecode.c.h; path = MSSampleServiceSampleEntity.h; sourceTree = "<group>"; };
		3513DE091BEBEA5B003020AF /* MSSampleServiceSampleEntity.m */ = {isa = PBXFileReference; fileEncoding = 4; lastKnownFileType = sourcecode.c.objc; path = MSSampleServiceSampleEntity.m; sourceTree = "<group>"; };
		3513DE0A1BEBEA5B003020AF /* MSSampleService.h */ = {isa = PBXFileReference; fileEncoding = 4; lastKnownFileType = sourcecode.c.h; path = MSSampleService.h; sourceTree = "<group>"; };
		AF68466ED531F94F1F075404 /* libPods.a */ = {isa = PBXFileReference; explicitFileType = archive.ar; includeInIndex = 0; path = libPods.a; sourceTree = BUILT_PRODUCTS_DIR; };
		D9088C0B66350361E611D94B /* Pods.debug.xcconfig */ = {isa = PBXFileReference; includeInIndex = 1; lastKnownFileType = text.xcconfig; name = Pods.debug.xcconfig; path = "Pods/Target Support Files/Pods/Pods.debug.xcconfig"; sourceTree = "<group>"; };
		EC8514081A38C97700385C38 /* core_tests.xctest */ = {isa = PBXFileReference; explicitFileType = wrapper.cfbundle; includeInIndex = 0; path = core_tests.xctest; sourceTree = BUILT_PRODUCTS_DIR; };
		EC85140E1A38C97700385C38 /* Info.plist */ = {isa = PBXFileReference; lastKnownFileType = text.plist.xml; path = Info.plist; sourceTree = "<group>"; };
		EC85141C1A38C9B300385C38 /* getNavigationsGET.json */ = {isa = PBXFileReference; fileEncoding = 4; lastKnownFileType = text.json; path = getNavigationsGET.json; sourceTree = "<group>"; };
		EC85141D1A38C9B300385C38 /* twoParamsActionsFirstIsCollectionComplexTypePOST.json */ = {isa = PBXFileReference; fileEncoding = 4; lastKnownFileType = text.json; path = twoParamsActionsFirstIsCollectionComplexTypePOST.json; sourceTree = "<group>"; };
		EC85141E1A38C9B300385C38 /* twoParamsActionsFirstIsCollectionEntityTypePOST.json */ = {isa = PBXFileReference; fileEncoding = 4; lastKnownFileType = text.json; path = twoParamsActionsFirstIsCollectionEntityTypePOST.json; sourceTree = "<group>"; };
		EC85141F1A38C9B300385C38 /* twoParamsActionsFirstIsComplexTypePOST.json */ = {isa = PBXFileReference; fileEncoding = 4; lastKnownFileType = text.json; path = twoParamsActionsFirstIsComplexTypePOST.json; sourceTree = "<group>"; };
		EC8514201A38C9B300385C38 /* twoParamsActionsFirstIsEntityTypePOST.json */ = {isa = PBXFileReference; fileEncoding = 4; lastKnownFileType = text.json; path = twoParamsActionsFirstIsEntityTypePOST.json; sourceTree = "<group>"; };
		EC8514281A38C9F400385C38 /* SampleServiceTests.m */ = {isa = PBXFileReference; fileEncoding = 4; lastKnownFileType = sourcecode.c.objc; path = SampleServiceTests.m; sourceTree = "<group>"; };
		EC8514321A38CC8900385C38 /* Foundation.framework */ = {isa = PBXFileReference; lastKnownFileType = wrapper.framework; name = Foundation.framework; path = System/Library/Frameworks/Foundation.framework; sourceTree = SDKROOT; };
/* End PBXFileReference section */

/* Begin PBXFrameworksBuildPhase section */
		EC8514051A38C97700385C38 /* Frameworks */ = {
			isa = PBXFrameworksBuildPhase;
			buildActionMask = 2147483647;
			files = (
				EC8514331A38CC8900385C38 /* Foundation.framework in Frameworks */,
				D3779E51EF1F23E334C3D4BF /* libPods.a in Frameworks */,
			);
			runOnlyForDeploymentPostprocessing = 0;
		};
/* End PBXFrameworksBuildPhase section */

/* Begin PBXGroup section */
		3513DDC51BEBEA5B003020AF /* SampleService */ = {
			isa = PBXGroup;
			children = (
				3513DDC61BEBEA5B003020AF /* Fetchers */,
				3513DDFA1BEBEA5B003020AF /* Model */,
				3513DE0A1BEBEA5B003020AF /* MSSampleService.h */,
			);
			path = SampleService;
			sourceTree = "<group>";
		};
		3513DDC61BEBEA5B003020AF /* Fetchers */ = {
			isa = PBXGroup;
			children = (
				3513DDC71BEBEA5B003020AF /* MSSampleServiceAnotherEntityCollectionFetcher.h */,
				3513DDC81BEBEA5B003020AF /* MSSampleServiceAnotherEntityCollectionFetcher.m */,
				3513DDC91BEBEA5B003020AF /* MSSampleServiceAnotherEntityCollectionOperations.h */,
				3513DDCA1BEBEA5B003020AF /* MSSampleServiceAnotherEntityCollectionOperations.m */,
				3513DDCB1BEBEA5B003020AF /* MSSampleServiceAnotherEntityFetcher.h */,
				3513DDCC1BEBEA5B003020AF /* MSSampleServiceAnotherEntityFetcher.m */,
				3513DDCD1BEBEA5B003020AF /* MSSampleServiceAnotherEntityOperations.h */,
				3513DDCE1BEBEA5B003020AF /* MSSampleServiceAnotherEntityOperations.m */,
				3513DDCF1BEBEA5B003020AF /* MSSampleServiceClient.h */,
				3513DDD01BEBEA5B003020AF /* MSSampleServiceClient.m */,
				3513DDD11BEBEA5B003020AF /* MSSampleServiceEntityCollectionFetcher.h */,
				3513DDD21BEBEA5B003020AF /* MSSampleServiceEntityCollectionFetcher.m */,
				3513DDD31BEBEA5B003020AF /* MSSampleServiceEntityCollectionOperations.h */,
				3513DDD41BEBEA5B003020AF /* MSSampleServiceEntityCollectionOperations.m */,
				3513DDD51BEBEA5B003020AF /* MSSampleServiceEntityFetcher.h */,
				3513DDD61BEBEA5B003020AF /* MSSampleServiceEntityFetcher.m */,
				3513DDD71BEBEA5B003020AF /* MSSampleServiceEntityOperations.h */,
				3513DDD81BEBEA5B003020AF /* MSSampleServiceEntityOperations.m */,
				3513DDD91BEBEA5B003020AF /* MSSampleServiceFetchers.h */,
				3513DDDA1BEBEA5B003020AF /* MSSampleServiceItemACollectionFetcher.h */,
				3513DDDB1BEBEA5B003020AF /* MSSampleServiceItemACollectionFetcher.m */,
				3513DDDC1BEBEA5B003020AF /* MSSampleServiceItemACollectionOperations.h */,
				3513DDDD1BEBEA5B003020AF /* MSSampleServiceItemACollectionOperations.m */,
				3513DDDE1BEBEA5B003020AF /* MSSampleServiceItemAFetcher.h */,
				3513DDDF1BEBEA5B003020AF /* MSSampleServiceItemAFetcher.m */,
				3513DDE01BEBEA5B003020AF /* MSSampleServiceItemAOperations.h */,
				3513DDE11BEBEA5B003020AF /* MSSampleServiceItemAOperations.m */,
				3513DDE21BEBEA5B003020AF /* MSSampleServiceItemBCollectionFetcher.h */,
				3513DDE31BEBEA5B003020AF /* MSSampleServiceItemBCollectionFetcher.m */,
				3513DDE41BEBEA5B003020AF /* MSSampleServiceItemBCollectionOperations.h */,
				3513DDE51BEBEA5B003020AF /* MSSampleServiceItemBCollectionOperations.m */,
				3513DDE61BEBEA5B003020AF /* MSSampleServiceItemBFetcher.h */,
				3513DDE71BEBEA5B003020AF /* MSSampleServiceItemBFetcher.m */,
				3513DDE81BEBEA5B003020AF /* MSSampleServiceItemBOperations.h */,
				3513DDE91BEBEA5B003020AF /* MSSampleServiceItemBOperations.m */,
				3513DDEA1BEBEA5B003020AF /* MSSampleServiceItemCollectionFetcher.h */,
				3513DDEB1BEBEA5B003020AF /* MSSampleServiceItemCollectionFetcher.m */,
				3513DDEC1BEBEA5B003020AF /* MSSampleServiceItemCollectionOperations.h */,
				3513DDED1BEBEA5B003020AF /* MSSampleServiceItemCollectionOperations.m */,
				3513DDEE1BEBEA5B003020AF /* MSSampleServiceItemFetcher.h */,
				3513DDEF1BEBEA5B003020AF /* MSSampleServiceItemFetcher.m */,
				3513DDF01BEBEA5B003020AF /* MSSampleServiceItemOperations.h */,
				3513DDF11BEBEA5B003020AF /* MSSampleServiceItemOperations.m */,
				3513DDF21BEBEA5B003020AF /* MSSampleServiceSampleEntityCollectionFetcher.h */,
				3513DDF31BEBEA5B003020AF /* MSSampleServiceSampleEntityCollectionFetcher.m */,
				3513DDF41BEBEA5B003020AF /* MSSampleServiceSampleEntityCollectionOperations.h */,
				3513DDF51BEBEA5B003020AF /* MSSampleServiceSampleEntityCollectionOperations.m */,
				3513DDF61BEBEA5B003020AF /* MSSampleServiceSampleEntityFetcher.h */,
				3513DDF71BEBEA5B003020AF /* MSSampleServiceSampleEntityFetcher.m */,
				3513DDF81BEBEA5B003020AF /* MSSampleServiceSampleEntityOperations.h */,
				3513DDF91BEBEA5B003020AF /* MSSampleServiceSampleEntityOperations.m */,
			);
			path = Fetchers;
			sourceTree = "<group>";
		};
		3513DDFA1BEBEA5B003020AF /* Model */ = {
			isa = PBXGroup;
			children = (
				3513DDFB1BEBEA5B003020AF /* MSSampleServiceAnotherEntity.h */,
				3513DDFC1BEBEA5B003020AF /* MSSampleServiceAnotherEntity.m */,
				3513DDFD1BEBEA5B003020AF /* MSSampleServiceEntity.h */,
				3513DDFE1BEBEA5B003020AF /* MSSampleServiceEntity.m */,
				3513DDFF1BEBEA5B003020AF /* MSSampleServiceItem.h */,
				3513DE001BEBEA5B003020AF /* MSSampleServiceItem.m */,
				3513DE011BEBEA5B003020AF /* MSSampleServiceItemA.h */,
				3513DE021BEBEA5B003020AF /* MSSampleServiceItemA.m */,
				3513DE031BEBEA5B003020AF /* MSSampleServiceItemB.h */,
				3513DE041BEBEA5B003020AF /* MSSampleServiceItemB.m */,
				3513DE051BEBEA5B003020AF /* MSSampleServiceModels.h */,
				3513DE061BEBEA5B003020AF /* MSSampleServiceSampleComplexType.h */,
				3513DE071BEBEA5B003020AF /* MSSampleServiceSampleComplexType.m */,
				3513DE081BEBEA5B003020AF /* MSSampleServiceSampleEntity.h */,
				3513DE091BEBEA5B003020AF /* MSSampleServiceSampleEntity.m */,
			);
			path = Model;
			sourceTree = "<group>";
		};
		AB6A2C0D94194566FE4A4596 /* Pods */ = {
			isa = PBXGroup;
			children = (
				D9088C0B66350361E611D94B /* Pods.debug.xcconfig */,
				12D51873798CF8250A38C814 /* Pods.release.xcconfig */,
			);
			name = Pods;
			sourceTree = "<group>";
		};
		EC8513F31A38C97700385C38 = {
			isa = PBXGroup;
			children = (
				3513DDC51BEBEA5B003020AF /* SampleService */,
				EC8514341A38CC9400385C38 /* Frameworks */,
				EC8514191A38C9B300385C38 /* WireMock */,
				EC85140C1A38C97700385C38 /* core_tests */,
				EC8513FE1A38C97700385C38 /* Products */,
				AB6A2C0D94194566FE4A4596 /* Pods */,
			);
			sourceTree = "<group>";
		};
		EC8513FE1A38C97700385C38 /* Products */ = {
			isa = PBXGroup;
			children = (
				EC8514081A38C97700385C38 /* core_tests.xctest */,
			);
			name = Products;
			sourceTree = "<group>";
		};
		EC85140C1A38C97700385C38 /* core_tests */ = {
			isa = PBXGroup;
			children = (
				EC8514281A38C9F400385C38 /* SampleServiceTests.m */,
				EC85140D1A38C97700385C38 /* Supporting Files */,
			);
			path = core_tests;
			sourceTree = "<group>";
		};
		EC85140D1A38C97700385C38 /* Supporting Files */ = {
			isa = PBXGroup;
			children = (
				EC85140E1A38C97700385C38 /* Info.plist */,
			);
			name = "Supporting Files";
			sourceTree = "<group>";
		};
		EC8514191A38C9B300385C38 /* WireMock */ = {
			isa = PBXGroup;
			children = (
				EC85141A1A38C9B300385C38 /* __files */,
				EC85141B1A38C9B300385C38 /* mappings */,
			);
			path = WireMock;
			sourceTree = "<group>";
		};
		EC85141A1A38C9B300385C38 /* __files */ = {
			isa = PBXGroup;
			children = (
			);
			path = __files;
			sourceTree = "<group>";
		};
		EC85141B1A38C9B300385C38 /* mappings */ = {
			isa = PBXGroup;
			children = (
				1C04098B1B30B75000792A86 /* getSampleEntityGET.json */,
				1C04098C1B30B75000792A86 /* getSampleEntityWith3NavigationsGET.json */,
				1C04098D1B30B75000792A86 /* getSampleEntityWithNavigationsGET.json */,
				1C04098E1B30B75000792A86 /* getSampleEntityWithNestedGET.json */,
				1C04098F1B30B75000792A86 /* updateSampleEntityListPropertyChangedPATCH.json */,
				1C0409901B30B75000792A86 /* updateSampleEntityListWith3ElementsPropertyChangedPATCH.json */,
				1C0409911B30B75000792A86 /* updateSampleEntityNestedPropertyChangedPATCH.json */,
				1C0409921B30B75000792A86 /* updateSampleEntityPATCH.json */,
				1C4508A91A3B2D59008C9668 /* getNavigationItemGET.json */,
				1C4508AA1A3B2D59008C9668 /* getNavigationItemWithSelectGET.json */,
				1C4508AB1A3B2D59008C9668 /* getNavigationsWithParameters.json */,
				1C4508AC1A3B2D59008C9668 /* getNavigationsWithSelectAndTopGET.json */,
				1C4508AD1A3B2D59008C9668 /* testDefaultHeaders.json */,
				1C4508AE1A3B2D59008C9668 /* updateNavigationItemPOST.json */,
				1C4508AF1A3B2D59008C9668 /* addNavigationItemPOST.json */,
				1C4508B01A3B2D59008C9668 /* deleteNavigationItemDELETE.json */,
				1C4508B11A3B2D59008C9668 /* getCollectionsWithExpandAndFilter.json */,
				1C4508B21A3B2D59008C9668 /* getCollectionsWithHeaders.json */,
				EC85141C1A38C9B300385C38 /* getNavigationsGET.json */,
				EC85141D1A38C9B300385C38 /* twoParamsActionsFirstIsCollectionComplexTypePOST.json */,
				EC85141E1A38C9B300385C38 /* twoParamsActionsFirstIsCollectionEntityTypePOST.json */,
				EC85141F1A38C9B300385C38 /* twoParamsActionsFirstIsComplexTypePOST.json */,
				EC8514201A38C9B300385C38 /* twoParamsActionsFirstIsEntityTypePOST.json */,
			);
			path = mappings;
			sourceTree = "<group>";
		};
		EC8514341A38CC9400385C38 /* Frameworks */ = {
			isa = PBXGroup;
			children = (
				EC8514321A38CC8900385C38 /* Foundation.framework */,
				AF68466ED531F94F1F075404 /* libPods.a */,
			);
			name = Frameworks;
			sourceTree = "<group>";
		};
/* End PBXGroup section */

/* Begin PBXNativeTarget section */
		EC8514071A38C97700385C38 /* core_tests */ = {
			isa = PBXNativeTarget;
			buildConfigurationList = EC8514161A38C97700385C38 /* Build configuration list for PBXNativeTarget "core_tests" */;
			buildPhases = (
				FFCF459B2D99BCEE6F5AA6A6 /* Check Pods Manifest.lock */,
				EC8514041A38C97700385C38 /* Sources */,
				EC8514051A38C97700385C38 /* Frameworks */,
				EC8514061A38C97700385C38 /* Resources */,
				019E88DC32FB257EE0D0A1B1 /* Copy Pods Resources */,
				A291C10DAFE33F99521FCE17 /* Embed Pods Frameworks */,
			);
			buildRules = (
			);
			dependencies = (
			);
			name = core_tests;
			productName = core_tests;
			productReference = EC8514081A38C97700385C38 /* core_tests.xctest */;
			productType = "com.apple.product-type.bundle.unit-test";
		};
/* End PBXNativeTarget section */

/* Begin PBXProject section */
		EC8513F41A38C97700385C38 /* Project object */ = {
			isa = PBXProject;
			attributes = {
				LastUpgradeCheck = 0710;
				ORGANIZATIONNAME = MSOpentech;
				TargetAttributes = {
					EC8514071A38C97700385C38 = {
						CreatedOnToolsVersion = 6.1.1;
					};
				};
			};
			buildConfigurationList = EC8513F71A38C97700385C38 /* Build configuration list for PBXProject "core_tests" */;
			compatibilityVersion = "Xcode 3.2";
			developmentRegion = English;
			hasScannedForEncodings = 0;
			knownRegions = (
				en,
			);
			mainGroup = EC8513F31A38C97700385C38;
			productRefGroup = EC8513FE1A38C97700385C38 /* Products */;
			projectDirPath = "";
			projectRoot = "";
			targets = (
				EC8514071A38C97700385C38 /* core_tests */,
			);
		};
/* End PBXProject section */

/* Begin PBXResourcesBuildPhase section */
		EC8514061A38C97700385C38 /* Resources */ = {
			isa = PBXResourcesBuildPhase;
			buildActionMask = 2147483647;
			files = (
				1C0409971B30B75000792A86 /* updateSampleEntityListPropertyChangedPATCH.json in Resources */,
				1C4508B91A3B2D59008C9668 /* addNavigationItemPOST.json in Resources */,
				1C4508B41A3B2D59008C9668 /* getNavigationItemWithSelectGET.json in Resources */,
				1C4508B51A3B2D59008C9668 /* getNavigationsWithParameters.json in Resources */,
				1C4508B71A3B2D59008C9668 /* testDefaultHeaders.json in Resources */,
				1C4508BA1A3B2D59008C9668 /* deleteNavigationItemDELETE.json in Resources */,
				1C04099A1B30B75000792A86 /* updateSampleEntityPATCH.json in Resources */,
				1C0409951B30B75000792A86 /* getSampleEntityWithNavigationsGET.json in Resources */,
				1C4508B81A3B2D59008C9668 /* updateNavigationItemPOST.json in Resources */,
				1C4508B31A3B2D59008C9668 /* getNavigationItemGET.json in Resources */,
				1C4508BC1A3B2D59008C9668 /* getCollectionsWithHeaders.json in Resources */,
				1C0409941B30B75000792A86 /* getSampleEntityWith3NavigationsGET.json in Resources */,
				1C4508B61A3B2D59008C9668 /* getNavigationsWithSelectAndTopGET.json in Resources */,
				1C0409961B30B75000792A86 /* getSampleEntityWithNestedGET.json in Resources */,
				1C0409981B30B75000792A86 /* updateSampleEntityListWith3ElementsPropertyChangedPATCH.json in Resources */,
				1C0409931B30B75000792A86 /* getSampleEntityGET.json in Resources */,
				1C4508BB1A3B2D59008C9668 /* getCollectionsWithExpandAndFilter.json in Resources */,
				1C0409991B30B75000792A86 /* updateSampleEntityNestedPropertyChangedPATCH.json in Resources */,
			);
			runOnlyForDeploymentPostprocessing = 0;
		};
/* End PBXResourcesBuildPhase section */

/* Begin PBXShellScriptBuildPhase section */
		019E88DC32FB257EE0D0A1B1 /* Copy Pods Resources */ = {
			isa = PBXShellScriptBuildPhase;
			buildActionMask = 2147483647;
			files = (
			);
			inputPaths = (
			);
			name = "Copy Pods Resources";
			outputPaths = (
			);
			runOnlyForDeploymentPostprocessing = 0;
			shellPath = /bin/sh;
			shellScript = "\"${SRCROOT}/Pods/Target Support Files/Pods/Pods-resources.sh\"\n";
			showEnvVarsInLog = 0;
		};
		A291C10DAFE33F99521FCE17 /* Embed Pods Frameworks */ = {
			isa = PBXShellScriptBuildPhase;
			buildActionMask = 2147483647;
			files = (
			);
			inputPaths = (
			);
			name = "Embed Pods Frameworks";
			outputPaths = (
			);
			runOnlyForDeploymentPostprocessing = 0;
			shellPath = /bin/sh;
			shellScript = "\"${SRCROOT}/Pods/Target Support Files/Pods/Pods-frameworks.sh\"\n";
			showEnvVarsInLog = 0;
		};
		FFCF459B2D99BCEE6F5AA6A6 /* Check Pods Manifest.lock */ = {
			isa = PBXShellScriptBuildPhase;
			buildActionMask = 2147483647;
			files = (
			);
			inputPaths = (
			);
			name = "Check Pods Manifest.lock";
			outputPaths = (
			);
			runOnlyForDeploymentPostprocessing = 0;
			shellPath = /bin/sh;
			shellScript = "diff \"${PODS_ROOT}/../Podfile.lock\" \"${PODS_ROOT}/Manifest.lock\" > /dev/null\nif [[ $? != 0 ]] ; then\n    cat << EOM\nerror: The sandbox is not in sync with the Podfile.lock. Run 'pod install' or update your CocoaPods installation.\nEOM\n    exit 1\nfi\n";
			showEnvVarsInLog = 0;
		};
/* End PBXShellScriptBuildPhase section */

/* Begin PBXSourcesBuildPhase section */
		EC8514041A38C97700385C38 /* Sources */ = {
			isa = PBXSourcesBuildPhase;
			buildActionMask = 2147483647;
			files = (
				3513DE1B1BEBEA5B003020AF /* MSSampleServiceItemBOperations.m in Sources */,
				3513DE171BEBEA5B003020AF /* MSSampleServiceItemAOperations.m in Sources */,
				3513DE281BEBEA5B003020AF /* MSSampleServiceItemB.m in Sources */,
				3513DE241BEBEA5B003020AF /* MSSampleServiceAnotherEntity.m in Sources */,
				3513DE0B1BEBEA5B003020AF /* MSSampleServiceAnotherEntityCollectionFetcher.m in Sources */,
				3513DE2A1BEBEA5B003020AF /* MSSampleServiceSampleEntity.m in Sources */,
				3513DE271BEBEA5B003020AF /* MSSampleServiceItemA.m in Sources */,
				3513DE101BEBEA5B003020AF /* MSSampleServiceEntityCollectionFetcher.m in Sources */,
				3513DE0E1BEBEA5B003020AF /* MSSampleServiceAnotherEntityOperations.m in Sources */,
				3513DE1C1BEBEA5B003020AF /* MSSampleServiceItemCollectionFetcher.m in Sources */,
				3513DE211BEBEA5B003020AF /* MSSampleServiceSampleEntityCollectionOperations.m in Sources */,
				3513DE1D1BEBEA5B003020AF /* MSSampleServiceItemCollectionOperations.m in Sources */,
				3513DE121BEBEA5B003020AF /* MSSampleServiceEntityFetcher.m in Sources */,
				3513DE161BEBEA5B003020AF /* MSSampleServiceItemAFetcher.m in Sources */,
				3513DE181BEBEA5B003020AF /* MSSampleServiceItemBCollectionFetcher.m in Sources */,
				3513DE151BEBEA5B003020AF /* MSSampleServiceItemACollectionOperations.m in Sources */,
				3513DE0C1BEBEA5B003020AF /* MSSampleServiceAnotherEntityCollectionOperations.m in Sources */,
				3513DE191BEBEA5B003020AF /* MSSampleServiceItemBCollectionOperations.m in Sources */,
				3513DE221BEBEA5B003020AF /* MSSampleServiceSampleEntityFetcher.m in Sources */,
				3513DE0D1BEBEA5B003020AF /* MSSampleServiceAnotherEntityFetcher.m in Sources */,
				3513DE1E1BEBEA5B003020AF /* MSSampleServiceItemFetcher.m in Sources */,
				3513DE131BEBEA5B003020AF /* MSSampleServiceEntityOperations.m in Sources */,
				3513DE1F1BEBEA5B003020AF /* MSSampleServiceItemOperations.m in Sources */,
				3513DE0F1BEBEA5B003020AF /* MSSampleServiceClient.m in Sources */,
				3513DE141BEBEA5B003020AF /* MSSampleServiceItemACollectionFetcher.m in Sources */,
				3513DE251BEBEA5B003020AF /* MSSampleServiceEntity.m in Sources */,
				3513DE111BEBEA5B003020AF /* MSSampleServiceEntityCollectionOperations.m in Sources */,
				3513DE231BEBEA5B003020AF /* MSSampleServiceSampleEntityOperations.m in Sources */,
				3513DE261BEBEA5B003020AF /* MSSampleServiceItem.m in Sources */,
				3513DE291BEBEA5B003020AF /* MSSampleServiceSampleComplexType.m in Sources */,
				EC8514291A38C9F400385C38 /* SampleServiceTests.m in Sources */,
				3513DE201BEBEA5B003020AF /* MSSampleServiceSampleEntityCollectionFetcher.m in Sources */,
				3513DE1A1BEBEA5B003020AF /* MSSampleServiceItemBFetcher.m in Sources */,
			);
			runOnlyForDeploymentPostprocessing = 0;
		};
/* End PBXSourcesBuildPhase section */

/* Begin XCBuildConfiguration section */
		EC8514111A38C97700385C38 /* Debug */ = {
			isa = XCBuildConfiguration;
			buildSettings = {
				ALWAYS_SEARCH_USER_PATHS = NO;
				CLANG_CXX_LANGUAGE_STANDARD = "gnu++0x";
				CLANG_CXX_LIBRARY = "libc++";
				CLANG_ENABLE_MODULES = YES;
				CLANG_ENABLE_OBJC_ARC = YES;
				CLANG_WARN_BOOL_CONVERSION = YES;
				CLANG_WARN_CONSTANT_CONVERSION = YES;
				CLANG_WARN_DIRECT_OBJC_ISA_USAGE = YES_ERROR;
				CLANG_WARN_EMPTY_BODY = YES;
				CLANG_WARN_ENUM_CONVERSION = YES;
				CLANG_WARN_INT_CONVERSION = YES;
				CLANG_WARN_OBJC_ROOT_CLASS = YES_ERROR;
				CLANG_WARN_UNREACHABLE_CODE = YES;
				CLANG_WARN__DUPLICATE_METHOD_MATCH = YES;
				"CODE_SIGN_IDENTITY[sdk=iphoneos*]" = "iPhone Developer";
				COPY_PHASE_STRIP = NO;
				CURRENT_PROJECT_VERSION = 1;
				ENABLE_STRICT_OBJC_MSGSEND = YES;
				ENABLE_TESTABILITY = YES;
				GCC_C_LANGUAGE_STANDARD = gnu99;
				GCC_DYNAMIC_NO_PIC = NO;
				GCC_OPTIMIZATION_LEVEL = 0;
				GCC_PREPROCESSOR_DEFINITIONS = (
					"DEBUG=1",
					"$(inherited)",
				);
				GCC_SYMBOLS_PRIVATE_EXTERN = NO;
				GCC_WARN_64_TO_32_BIT_CONVERSION = YES;
				GCC_WARN_ABOUT_RETURN_TYPE = YES_ERROR;
				GCC_WARN_UNDECLARED_SELECTOR = YES;
				GCC_WARN_UNINITIALIZED_AUTOS = YES_AGGRESSIVE;
				GCC_WARN_UNUSED_FUNCTION = YES;
				GCC_WARN_UNUSED_VARIABLE = YES;
				IPHONEOS_DEPLOYMENT_TARGET = 8.1;
				MTL_ENABLE_DEBUG_INFO = YES;
				ONLY_ACTIVE_ARCH = YES;
				SDKROOT = iphoneos;
				TARGETED_DEVICE_FAMILY = "1,2";
				VERSIONING_SYSTEM = "apple-generic";
				VERSION_INFO_PREFIX = "";
			};
			name = Debug;
		};
		EC8514121A38C97700385C38 /* Release */ = {
			isa = XCBuildConfiguration;
			buildSettings = {
				ALWAYS_SEARCH_USER_PATHS = NO;
				CLANG_CXX_LANGUAGE_STANDARD = "gnu++0x";
				CLANG_CXX_LIBRARY = "libc++";
				CLANG_ENABLE_MODULES = YES;
				CLANG_ENABLE_OBJC_ARC = YES;
				CLANG_WARN_BOOL_CONVERSION = YES;
				CLANG_WARN_CONSTANT_CONVERSION = YES;
				CLANG_WARN_DIRECT_OBJC_ISA_USAGE = YES_ERROR;
				CLANG_WARN_EMPTY_BODY = YES;
				CLANG_WARN_ENUM_CONVERSION = YES;
				CLANG_WARN_INT_CONVERSION = YES;
				CLANG_WARN_OBJC_ROOT_CLASS = YES_ERROR;
				CLANG_WARN_UNREACHABLE_CODE = YES;
				CLANG_WARN__DUPLICATE_METHOD_MATCH = YES;
				"CODE_SIGN_IDENTITY[sdk=iphoneos*]" = "iPhone Developer";
				COPY_PHASE_STRIP = YES;
				CURRENT_PROJECT_VERSION = 1;
				ENABLE_NS_ASSERTIONS = NO;
				ENABLE_STRICT_OBJC_MSGSEND = YES;
				GCC_C_LANGUAGE_STANDARD = gnu99;
				GCC_WARN_64_TO_32_BIT_CONVERSION = YES;
				GCC_WARN_ABOUT_RETURN_TYPE = YES_ERROR;
				GCC_WARN_UNDECLARED_SELECTOR = YES;
				GCC_WARN_UNINITIALIZED_AUTOS = YES_AGGRESSIVE;
				GCC_WARN_UNUSED_FUNCTION = YES;
				GCC_WARN_UNUSED_VARIABLE = YES;
				IPHONEOS_DEPLOYMENT_TARGET = 8.1;
				MTL_ENABLE_DEBUG_INFO = NO;
				SDKROOT = iphoneos;
				TARGETED_DEVICE_FAMILY = "1,2";
				VALIDATE_PRODUCT = YES;
				VERSIONING_SYSTEM = "apple-generic";
				VERSION_INFO_PREFIX = "";
			};
			name = Release;
		};
		EC8514171A38C97700385C38 /* Debug */ = {
			isa = XCBuildConfiguration;
			baseConfigurationReference = D9088C0B66350361E611D94B /* Pods.debug.xcconfig */;
			buildSettings = {
				FRAMEWORK_SEARCH_PATHS = (
					"$(SDKROOT)/Developer/Library/Frameworks",
					"$(inherited)",
				);
				GCC_PREPROCESSOR_DEFINITIONS = (
					"DEBUG=1",
					"$(inherited)",
				);
				INFOPLIST_FILE = core_tests/Info.plist;
				LD_RUNPATH_SEARCH_PATHS = "$(inherited) @executable_path/Frameworks @loader_path/Frameworks";
				OTHER_LDFLAGS = (
					"$(inherited)",
					"-framework",
					XCTest,
					"-ObjC",
				);
				PRODUCT_BUNDLE_IDENTIFIER = "com.microsoft.services.$(PRODUCT_NAME:rfc1034identifier)";
				PRODUCT_NAME = "$(TARGET_NAME)";
			};
			name = Debug;
		};
		EC8514181A38C97700385C38 /* Release */ = {
			isa = XCBuildConfiguration;
			baseConfigurationReference = 12D51873798CF8250A38C814 /* Pods.release.xcconfig */;
			buildSettings = {
				FRAMEWORK_SEARCH_PATHS = (
					"$(SDKROOT)/Developer/Library/Frameworks",
					"$(inherited)",
				);
				INFOPLIST_FILE = core_tests/Info.plist;
				LD_RUNPATH_SEARCH_PATHS = "$(inherited) @executable_path/Frameworks @loader_path/Frameworks";
				OTHER_LDFLAGS = (
					"$(inherited)",
					"-framework",
					XCTest,
					"-ObjC",
				);
				PRODUCT_BUNDLE_IDENTIFIER = "com.microsoft.services.$(PRODUCT_NAME:rfc1034identifier)";
				PRODUCT_NAME = "$(TARGET_NAME)";
			};
			name = Release;
		};
/* End XCBuildConfiguration section */

/* Begin XCConfigurationList section */
		EC8513F71A38C97700385C38 /* Build configuration list for PBXProject "core_tests" */ = {
			isa = XCConfigurationList;
			buildConfigurations = (
				EC8514111A38C97700385C38 /* Debug */,
				EC8514121A38C97700385C38 /* Release */,
			);
			defaultConfigurationIsVisible = 0;
			defaultConfigurationName = Release;
		};
		EC8514161A38C97700385C38 /* Build configuration list for PBXNativeTarget "core_tests" */ = {
			isa = XCConfigurationList;
			buildConfigurations = (
				EC8514171A38C97700385C38 /* Debug */,
				EC8514181A38C97700385C38 /* Release */,
			);
			defaultConfigurationIsVisible = 0;
			defaultConfigurationName = Release;
		};
/* End XCConfigurationList section */
	};
	rootObject = EC8513F41A38C97700385C38 /* Project object */;
}
