// !$*UTF8*$!
{
	archiveVersion = 1;
	classes = {
	};
	objectVersion = 46;
	objects = {

/* Begin PBXBuildFile section */
		0FEB7EB00ADA4AA241B8B42A /* MSSampleServiceItemBOperations.h in Headers */ = {isa = PBXBuildFile; fileRef = E81BBA8D46D24A471920046A /* MSSampleServiceItemBOperations.h */; };
		10BD69921CE475D5B2BFA4B2 /* MSSampleServiceItemBFetcher.h in Headers */ = {isa = PBXBuildFile; fileRef = B8495033FC8A3454CF8BA5EE /* MSSampleServiceItemBFetcher.h */; };
		12A45C0B4762062393992BED /* MSSampleServiceSampleEntityFetcher.h in Headers */ = {isa = PBXBuildFile; fileRef = 9F215EA1910B30935D0119A8 /* MSSampleServiceSampleEntityFetcher.h */; };
		13AE7F20E45A7A5C125ACC62 /* MSSampleServiceItem.h in Headers */ = {isa = PBXBuildFile; fileRef = BC024925421F932F2CED4B9D /* MSSampleServiceItem.h */; };
		1812298131F765486C1C2E96 /* MSSampleServiceSampleEntityCollectionFetcher.h in Headers */ = {isa = PBXBuildFile; fileRef = 10F5A4257794B41B0B0426D3 /* MSSampleServiceSampleEntityCollectionFetcher.h */; };
		20E8729E9592175123C34D0C /* MSSampleServiceSampleEntityCollectionOperations.h in Headers */ = {isa = PBXBuildFile; fileRef = 866434C97A20E0D8086AB0F5 /* MSSampleServiceSampleEntityCollectionOperations.h */; };
		25D9F2FC6BD9E02E5A4109B7 /* MSSampleServiceAnotherEntity.m in Sources */ = {isa = PBXBuildFile; fileRef = 082D00230E03C137B955154B /* MSSampleServiceAnotherEntity.m */; };
		2CCCC73086E5B020982298C7 /* MSSampleServiceItemACollectionFetcher.h in Headers */ = {isa = PBXBuildFile; fileRef = C05FFF60912BDAD5496F3103 /* MSSampleServiceItemACollectionFetcher.h */; };
		2D690BB1B075BC2F05ADF373 /* MSSampleServiceItemAFetcher.m in Sources */ = {isa = PBXBuildFile; fileRef = 3550385D5878B17AE6F41EBC /* MSSampleServiceItemAFetcher.m */; };
		2E8F1AB274BF53AB251603F2 /* MSSampleServiceEntityCollectionFetcher.h in Headers */ = {isa = PBXBuildFile; fileRef = 3D638A65303A940620CCC910 /* MSSampleServiceEntityCollectionFetcher.h */; };
		3370DE8CF81D45AE2C62DF73 /* MSSampleServiceItemACollectionFetcher.m in Sources */ = {isa = PBXBuildFile; fileRef = 0339151AE9877521A15555BE /* MSSampleServiceItemACollectionFetcher.m */; };
		365314C6AA6881E2DBC0DDD0 /* MSSampleServiceItemAOperations.m in Sources */ = {isa = PBXBuildFile; fileRef = 7992E958188C47A053E67883 /* MSSampleServiceItemAOperations.m */; };
		3C01C1DC43DEAA03C4EF2958 /* MSSampleServiceSampleComplexType.h in Headers */ = {isa = PBXBuildFile; fileRef = D74A4164FA6D6C5B373F7509 /* MSSampleServiceSampleComplexType.h */; };
		453E4B205E2A221E4FB14130 /* MSSampleServiceItemBCollectionOperations.m in Sources */ = {isa = PBXBuildFile; fileRef = FC23E340EC29DE2D9A50D626 /* MSSampleServiceItemBCollectionOperations.m */; };
		4999515AF56BFFBE22C899A3 /* MSSampleServiceAnotherEntityOperations.h in Headers */ = {isa = PBXBuildFile; fileRef = AECD3B17FB693A4ECB35D438 /* MSSampleServiceAnotherEntityOperations.h */; };
		4FC411FAAEAF989DD968D0A3 /* MSSampleServiceItemBOperations.m in Sources */ = {isa = PBXBuildFile; fileRef = 2840A31CA3D3FEACDC88BAB5 /* MSSampleServiceItemBOperations.m */; };
		52137B955D8BF737F75FC15A /* MSSampleServiceEntityOperations.m in Sources */ = {isa = PBXBuildFile; fileRef = 2625A9828E340AEB7BAF79D8 /* MSSampleServiceEntityOperations.m */; };
		5ADA38CCDCDABE7DB6188089 /* MSSampleServiceClient.m in Sources */ = {isa = PBXBuildFile; fileRef = FC316B864CAB964AEBCA56FA /* MSSampleServiceClient.m */; };
		5CF8AFAF0B9CB594B7CE4933 /* MSSampleServiceAnotherEntityCollectionOperations.m in Sources */ = {isa = PBXBuildFile; fileRef = 33160C3D708CAB57BA0FAEA8 /* MSSampleServiceAnotherEntityCollectionOperations.m */; };
		5F1880AAD37C2833A7A2DB0D /* MSSampleServiceSampleEntity.h in Headers */ = {isa = PBXBuildFile; fileRef = 9402A4FB9194DD3CD7C1E465 /* MSSampleServiceSampleEntity.h */; };
		643AF02B793481233F501739 /* MSSampleServiceItemCollectionFetcher.m in Sources */ = {isa = PBXBuildFile; fileRef = 0CF163F5526953E8529AAEE4 /* MSSampleServiceItemCollectionFetcher.m */; };
		656C9D3E9BD04DFCCB49387C /* MSSampleServiceItemACollectionOperations.m in Sources */ = {isa = PBXBuildFile; fileRef = FF67D8CACE44FF7722D20AD8 /* MSSampleServiceItemACollectionOperations.m */; };
		65B5F7DB9658A734C8971104 /* MSSampleServiceSampleEntityCollectionFetcher.m in Sources */ = {isa = PBXBuildFile; fileRef = 1CF6A896177DA1A1D910A0F3 /* MSSampleServiceSampleEntityCollectionFetcher.m */; };
		6764E067D070F9695B8DD8C1 /* MSSampleServiceItemACollectionOperations.h in Headers */ = {isa = PBXBuildFile; fileRef = 92F073E8FCB9CB418D2EB753 /* MSSampleServiceItemACollectionOperations.h */; };
		6D33E60B8DF7A14BBA7B6F48 /* MSSampleServiceItemCollectionOperations.h in Headers */ = {isa = PBXBuildFile; fileRef = 0886CF71041693F8C3DE51C1 /* MSSampleServiceItemCollectionOperations.h */; };
		71736831964F24A919404FF4 /* MSSampleServiceItemBCollectionOperations.h in Headers */ = {isa = PBXBuildFile; fileRef = A0D9B66E16BC1A94CBABCC52 /* MSSampleServiceItemBCollectionOperations.h */; };
		728823D44F1452A1E62A1B2C /* MSSampleServiceAnotherEntityOperations.m in Sources */ = {isa = PBXBuildFile; fileRef = C91D87AF40B0AEC01578BE4F /* MSSampleServiceAnotherEntityOperations.m */; };
		7292C2D6E9B1A0AD8BE8C138 /* MSSampleServiceEntityCollectionFetcher.m in Sources */ = {isa = PBXBuildFile; fileRef = 2DEC03FE49937F82EF7E4DF4 /* MSSampleServiceEntityCollectionFetcher.m */; };
		73090FEF362B6C873280F1C0 /* MSSampleServiceEntity.h in Headers */ = {isa = PBXBuildFile; fileRef = 33F93630E8DF65E13D5E67BD /* MSSampleServiceEntity.h */; };
		7597DDB6DC86877ED4B894B2 /* MSSampleServiceItemA.h in Headers */ = {isa = PBXBuildFile; fileRef = FAC77B5199A8BB43A14B7FC7 /* MSSampleServiceItemA.h */; };
		7F34706080A0090A48260F54 /* MSSampleServiceSampleEntityOperations.m in Sources */ = {isa = PBXBuildFile; fileRef = 1C75F05F7BD6E4AA6C84AEDB /* MSSampleServiceSampleEntityOperations.m */; };
		85B467433F87E51F0E8A5776 /* MSSampleServiceEntityFetcher.h in Headers */ = {isa = PBXBuildFile; fileRef = 33F9425CE1DC8F434DF25D7A /* MSSampleServiceEntityFetcher.h */; };
		8946479C9B453AAF6591823B /* MSSampleServiceEntity.m in Sources */ = {isa = PBXBuildFile; fileRef = EF96FB5F2EA9149137EDCF58 /* MSSampleServiceEntity.m */; };
		89EF7D08090EE835BDF327EB /* MSSampleServiceEntityCollectionOperations.h in Headers */ = {isa = PBXBuildFile; fileRef = 1361732DF3CA6710EE507D04 /* MSSampleServiceEntityCollectionOperations.h */; };
		8CEBEA5ECF306920E830C12D /* MSSampleServiceItemFetcher.m in Sources */ = {isa = PBXBuildFile; fileRef = 7B77A341C880D67E1F17A050 /* MSSampleServiceItemFetcher.m */; };
		8D11191186CDD468494C4AA0 /* MSSampleServiceItemBFetcher.m in Sources */ = {isa = PBXBuildFile; fileRef = A4DB7BC9690CBC56C182112B /* MSSampleServiceItemBFetcher.m */; };
		8F0ED0F3B39390CE38CA401A /* Foundation.framework in Frameworks */ = {isa = PBXBuildFile; fileRef = 1C1DCDE2DE4086975ED84B2A /* Foundation.framework */; };
		90D890F8A97A3B22F5AECB18 /* MSSampleServiceAnotherEntity.h in Headers */ = {isa = PBXBuildFile; fileRef = F172A81CA069A0871D1F0674 /* MSSampleServiceAnotherEntity.h */; };
		92B507F8D4F2451CAB2CB699 /* MSSampleServiceEntityOperations.h in Headers */ = {isa = PBXBuildFile; fileRef = 997F22866DD0E60510BAAE8E /* MSSampleServiceEntityOperations.h */; };
		96C37110DA9C310F94B77923 /* MSSampleServiceAnotherEntityCollectionOperations.h in Headers */ = {isa = PBXBuildFile; fileRef = 6DCE3E627509D2CDEB792B01 /* MSSampleServiceAnotherEntityCollectionOperations.h */; };
		991C3291AE1367BD54090D8D /* MSSampleServiceSampleEntity.m in Sources */ = {isa = PBXBuildFile; fileRef = C3F74A52917DBD7F0CBADA23 /* MSSampleServiceSampleEntity.m */; };
		994C51C8D6F257C85CCBBD98 /* MSSampleServiceAnotherEntityCollectionFetcher.h in Headers */ = {isa = PBXBuildFile; fileRef = FB63E353C63A28A5421E8951 /* MSSampleServiceAnotherEntityCollectionFetcher.h */; };
		A2C9DF6F3EA1F0A7B748D239 /* MSSampleServiceSampleComplexType.m in Sources */ = {isa = PBXBuildFile; fileRef = 3947B1CAADDEE28E50DB201A /* MSSampleServiceSampleComplexType.m */; };
		A310905272F1860851805776 /* MSSampleServiceItemCollectionFetcher.h in Headers */ = {isa = PBXBuildFile; fileRef = 50C82687716269F1F5149E3C /* MSSampleServiceItemCollectionFetcher.h */; };
		A62B937E714AA109A79766A4 /* MSSampleServiceModels.h in Headers */ = {isa = PBXBuildFile; fileRef = C29BFBCBAEDC1B9C5298A945 /* MSSampleServiceModels.h */; };
		AF16798A52F94F3C8EABB4B2 /* MSSampleServiceItemCollectionOperations.m in Sources */ = {isa = PBXBuildFile; fileRef = 65A10D1463FD275CAE33B34A /* MSSampleServiceItemCollectionOperations.m */; };
		B41CF7DC238FAC11AF74938C /* MSSampleServiceAnotherEntityCollectionFetcher.m in Sources */ = {isa = PBXBuildFile; fileRef = B1283C9E3C2D9A2F4EA9FEEE /* MSSampleServiceAnotherEntityCollectionFetcher.m */; };
		BCBFB928E6D392FC86B8E0A3 /* MSSampleServiceAnotherEntityFetcher.h in Headers */ = {isa = PBXBuildFile; fileRef = 0B8A0528FDBF10C7ED2CDE66 /* MSSampleServiceAnotherEntityFetcher.h */; };
		C42D8DA290560981BB337D66 /* MSSampleServiceFetchers.h in Headers */ = {isa = PBXBuildFile; fileRef = 1486825D7E07C337CD21D1CC /* MSSampleServiceFetchers.h */; };
		C5FAE6F1A25942494A15B469 /* MSSampleServiceItemB.m in Sources */ = {isa = PBXBuildFile; fileRef = 0CBFC749EE28705B644E1B2A /* MSSampleServiceItemB.m */; };
		C73930635E45B6E2BC716414 /* MSSampleServiceEntityCollectionOperations.m in Sources */ = {isa = PBXBuildFile; fileRef = BDC9117A082320C995A57981 /* MSSampleServiceEntityCollectionOperations.m */; };
		C75EA55D1CFD1E51308E79EF /* MSSampleServiceSampleEntityOperations.h in Headers */ = {isa = PBXBuildFile; fileRef = F17D8C02C54F88682DC47657 /* MSSampleServiceSampleEntityOperations.h */; };
		CAFEC21F054F24FABB175B70 /* MSSampleServiceSampleEntityCollectionOperations.m in Sources */ = {isa = PBXBuildFile; fileRef = F950F6E449B1BD0A1FA9963B /* MSSampleServiceSampleEntityCollectionOperations.m */; };
		CDF04515882EEC600A10BAB7 /* MSSampleServiceItemFetcher.h in Headers */ = {isa = PBXBuildFile; fileRef = 049B403A13AC78D719E06DC1 /* MSSampleServiceItemFetcher.h */; };
		CE49FF6A48362C4DBE3360A5 /* MSSampleService.h in Headers */ = {isa = PBXBuildFile; fileRef = F94E62DD93740211FE0762D5 /* MSSampleService.h */; };
		CF9EADB30F1B10670951A7BE /* MSSampleServiceItemAFetcher.h in Headers */ = {isa = PBXBuildFile; fileRef = 8837DC19F2F1A478BECA42F5 /* MSSampleServiceItemAFetcher.h */; };
		D4A72CEA205251BE115DB3F6 /* MSSampleServiceItemBCollectionFetcher.m in Sources */ = {isa = PBXBuildFile; fileRef = 907599F23AF3D29EC42383F5 /* MSSampleServiceItemBCollectionFetcher.m */; };
		D51DD5C9990082B88C4FF4B7 /* MSSampleServiceAnotherEntityFetcher.m in Sources */ = {isa = PBXBuildFile; fileRef = 6EF157A180AE09355198C214 /* MSSampleServiceAnotherEntityFetcher.m */; };
		E2DD80BB947287AC5A0249AF /* MSSampleServiceItemBCollectionFetcher.h in Headers */ = {isa = PBXBuildFile; fileRef = 670AE3B2405B9A0A80D8F861 /* MSSampleServiceItemBCollectionFetcher.h */; };
		E308F020EE81FAD11E70A423 /* MSSampleServiceSampleEntityFetcher.m in Sources */ = {isa = PBXBuildFile; fileRef = 0BA385F4AD47A38ED23CB9E3 /* MSSampleServiceSampleEntityFetcher.m */; };
		E42AB957D6E580CA5DC49FD8 /* MSSampleServiceItemA.m in Sources */ = {isa = PBXBuildFile; fileRef = ABB40B25C6F33018A6FBB8EF /* MSSampleServiceItemA.m */; };
		E4659CBE5821C78F97D074C7 /* MSSampleServiceItemAOperations.h in Headers */ = {isa = PBXBuildFile; fileRef = 26BE130045131567F3707ABA /* MSSampleServiceItemAOperations.h */; };
		E786A9E921E48B13C494F477 /* MSSampleServiceEntityFetcher.m in Sources */ = {isa = PBXBuildFile; fileRef = 353531C93932BDEA14D5BF82 /* MSSampleServiceEntityFetcher.m */; };
		E9A6A833A339807DA5A5FD16 /* MSSampleServiceItemOperations.m in Sources */ = {isa = PBXBuildFile; fileRef = 934D56504E66AC07ECC88FB7 /* MSSampleServiceItemOperations.m */; };
		F6B4E4CB6D3D3D2C41C874D6 /* MSSampleServiceItemOperations.h in Headers */ = {isa = PBXBuildFile; fileRef = 21892838F66156E7E3650FFA /* MSSampleServiceItemOperations.h */; };
		FB9C16CF446083AF7EFD02B3 /* MSSampleServiceClient.h in Headers */ = {isa = PBXBuildFile; fileRef = 9DE8A203625DA464A9715B82 /* MSSampleServiceClient.h */; };
		FBD30A2621F650116D12DEA2 /* MSSampleServiceItem.m in Sources */ = {isa = PBXBuildFile; fileRef = 1BA05A885A1DBCBE30827526 /* MSSampleServiceItem.m */; };
		FDB3BB9252948CA1865F6539 /* MSSampleServiceItemB.h in Headers */ = {isa = PBXBuildFile; fileRef = A29AE6A1C3E88D2949E90115 /* MSSampleServiceItemB.h */; };
/* End PBXBuildFile section */

/* Begin PBXFileReference section */
		0339151AE9877521A15555BE /* MSSampleServiceItemACollectionFetcher.m */ = {isa = PBXFileReference; includeInIndex = 1; lastKnownFileType = sourcecode.c.objc; name = MSSampleServiceItemACollectionFetcher.m; path = ./Fetchers/MSSampleServiceItemACollectionFetcher.m; sourceTree = "<group>"; };
		049B403A13AC78D719E06DC1 /* MSSampleServiceItemFetcher.h */ = {isa = PBXFileReference; includeInIndex = 1; lastKnownFileType = sourcecode.c.h; name = MSSampleServiceItemFetcher.h; path = ./Fetchers/MSSampleServiceItemFetcher.h; sourceTree = "<group>"; };
		082D00230E03C137B955154B /* MSSampleServiceAnotherEntity.m */ = {isa = PBXFileReference; includeInIndex = 1; lastKnownFileType = sourcecode.c.objc; name = MSSampleServiceAnotherEntity.m; path = ./Model/MSSampleServiceAnotherEntity.m; sourceTree = "<group>"; };
		0886CF71041693F8C3DE51C1 /* MSSampleServiceItemCollectionOperations.h */ = {isa = PBXFileReference; includeInIndex = 1; lastKnownFileType = sourcecode.c.h; name = MSSampleServiceItemCollectionOperations.h; path = ./Fetchers/MSSampleServiceItemCollectionOperations.h; sourceTree = "<group>"; };
		0B8A0528FDBF10C7ED2CDE66 /* MSSampleServiceAnotherEntityFetcher.h */ = {isa = PBXFileReference; includeInIndex = 1; lastKnownFileType = sourcecode.c.h; name = MSSampleServiceAnotherEntityFetcher.h; path = ./Fetchers/MSSampleServiceAnotherEntityFetcher.h; sourceTree = "<group>"; };
		0BA385F4AD47A38ED23CB9E3 /* MSSampleServiceSampleEntityFetcher.m */ = {isa = PBXFileReference; includeInIndex = 1; lastKnownFileType = sourcecode.c.objc; name = MSSampleServiceSampleEntityFetcher.m; path = ./Fetchers/MSSampleServiceSampleEntityFetcher.m; sourceTree = "<group>"; };
		0CBFC749EE28705B644E1B2A /* MSSampleServiceItemB.m */ = {isa = PBXFileReference; includeInIndex = 1; lastKnownFileType = sourcecode.c.objc; name = MSSampleServiceItemB.m; path = ./Model/MSSampleServiceItemB.m; sourceTree = "<group>"; };
		0CF163F5526953E8529AAEE4 /* MSSampleServiceItemCollectionFetcher.m */ = {isa = PBXFileReference; includeInIndex = 1; lastKnownFileType = sourcecode.c.objc; name = MSSampleServiceItemCollectionFetcher.m; path = ./Fetchers/MSSampleServiceItemCollectionFetcher.m; sourceTree = "<group>"; };
		10F5A4257794B41B0B0426D3 /* MSSampleServiceSampleEntityCollectionFetcher.h */ = {isa = PBXFileReference; includeInIndex = 1; lastKnownFileType = sourcecode.c.h; name = MSSampleServiceSampleEntityCollectionFetcher.h; path = ./Fetchers/MSSampleServiceSampleEntityCollectionFetcher.h; sourceTree = "<group>"; };
		1361732DF3CA6710EE507D04 /* MSSampleServiceEntityCollectionOperations.h */ = {isa = PBXFileReference; includeInIndex = 1; lastKnownFileType = sourcecode.c.h; name = MSSampleServiceEntityCollectionOperations.h; path = ./Fetchers/MSSampleServiceEntityCollectionOperations.h; sourceTree = "<group>"; };
		1486825D7E07C337CD21D1CC /* MSSampleServiceFetchers.h */ = {isa = PBXFileReference; includeInIndex = 1; lastKnownFileType = sourcecode.c.h; name = MSSampleServiceFetchers.h; path = ./Fetchers/MSSampleServiceFetchers.h; sourceTree = "<group>"; };
		1BA05A885A1DBCBE30827526 /* MSSampleServiceItem.m */ = {isa = PBXFileReference; includeInIndex = 1; lastKnownFileType = sourcecode.c.objc; name = MSSampleServiceItem.m; path = ./Model/MSSampleServiceItem.m; sourceTree = "<group>"; };
		1C1DCDE2DE4086975ED84B2A /* Foundation.framework */ = {isa = PBXFileReference; lastKnownFileType = wrapper.framework; name = Foundation.framework; path = Platforms/iPhoneOS.platform/Developer/SDKs/iPhoneOS9.0.sdk/System/Library/Frameworks/Foundation.framework; sourceTree = DEVELOPER_DIR; };
		1C75F05F7BD6E4AA6C84AEDB /* MSSampleServiceSampleEntityOperations.m */ = {isa = PBXFileReference; includeInIndex = 1; lastKnownFileType = sourcecode.c.objc; name = MSSampleServiceSampleEntityOperations.m; path = ./Fetchers/MSSampleServiceSampleEntityOperations.m; sourceTree = "<group>"; };
		1CF6A896177DA1A1D910A0F3 /* MSSampleServiceSampleEntityCollectionFetcher.m */ = {isa = PBXFileReference; includeInIndex = 1; lastKnownFileType = sourcecode.c.objc; name = MSSampleServiceSampleEntityCollectionFetcher.m; path = ./Fetchers/MSSampleServiceSampleEntityCollectionFetcher.m; sourceTree = "<group>"; };
		21892838F66156E7E3650FFA /* MSSampleServiceItemOperations.h */ = {isa = PBXFileReference; includeInIndex = 1; lastKnownFileType = sourcecode.c.h; name = MSSampleServiceItemOperations.h; path = ./Fetchers/MSSampleServiceItemOperations.h; sourceTree = "<group>"; };
		2625A9828E340AEB7BAF79D8 /* MSSampleServiceEntityOperations.m */ = {isa = PBXFileReference; includeInIndex = 1; lastKnownFileType = sourcecode.c.objc; name = MSSampleServiceEntityOperations.m; path = ./Fetchers/MSSampleServiceEntityOperations.m; sourceTree = "<group>"; };
		26BE130045131567F3707ABA /* MSSampleServiceItemAOperations.h */ = {isa = PBXFileReference; includeInIndex = 1; lastKnownFileType = sourcecode.c.h; name = MSSampleServiceItemAOperations.h; path = ./Fetchers/MSSampleServiceItemAOperations.h; sourceTree = "<group>"; };
		2840A31CA3D3FEACDC88BAB5 /* MSSampleServiceItemBOperations.m */ = {isa = PBXFileReference; includeInIndex = 1; lastKnownFileType = sourcecode.c.objc; name = MSSampleServiceItemBOperations.m; path = ./Fetchers/MSSampleServiceItemBOperations.m; sourceTree = "<group>"; };
		2DEC03FE49937F82EF7E4DF4 /* MSSampleServiceEntityCollectionFetcher.m */ = {isa = PBXFileReference; includeInIndex = 1; lastKnownFileType = sourcecode.c.objc; name = MSSampleServiceEntityCollectionFetcher.m; path = ./Fetchers/MSSampleServiceEntityCollectionFetcher.m; sourceTree = "<group>"; };
		33160C3D708CAB57BA0FAEA8 /* MSSampleServiceAnotherEntityCollectionOperations.m */ = {isa = PBXFileReference; includeInIndex = 1; lastKnownFileType = sourcecode.c.objc; name = MSSampleServiceAnotherEntityCollectionOperations.m; path = ./Fetchers/MSSampleServiceAnotherEntityCollectionOperations.m; sourceTree = "<group>"; };
		33F93630E8DF65E13D5E67BD /* MSSampleServiceEntity.h */ = {isa = PBXFileReference; includeInIndex = 1; lastKnownFileType = sourcecode.c.h; name = MSSampleServiceEntity.h; path = ./Model/MSSampleServiceEntity.h; sourceTree = "<group>"; };
		33F9425CE1DC8F434DF25D7A /* MSSampleServiceEntityFetcher.h */ = {isa = PBXFileReference; includeInIndex = 1; lastKnownFileType = sourcecode.c.h; name = MSSampleServiceEntityFetcher.h; path = ./Fetchers/MSSampleServiceEntityFetcher.h; sourceTree = "<group>"; };
		353531C93932BDEA14D5BF82 /* MSSampleServiceEntityFetcher.m */ = {isa = PBXFileReference; includeInIndex = 1; lastKnownFileType = sourcecode.c.objc; name = MSSampleServiceEntityFetcher.m; path = ./Fetchers/MSSampleServiceEntityFetcher.m; sourceTree = "<group>"; };
		3550385D5878B17AE6F41EBC /* MSSampleServiceItemAFetcher.m */ = {isa = PBXFileReference; includeInIndex = 1; lastKnownFileType = sourcecode.c.objc; name = MSSampleServiceItemAFetcher.m; path = ./Fetchers/MSSampleServiceItemAFetcher.m; sourceTree = "<group>"; };
		3947B1CAADDEE28E50DB201A /* MSSampleServiceSampleComplexType.m */ = {isa = PBXFileReference; includeInIndex = 1; lastKnownFileType = sourcecode.c.objc; name = MSSampleServiceSampleComplexType.m; path = ./Model/MSSampleServiceSampleComplexType.m; sourceTree = "<group>"; };
		3D638A65303A940620CCC910 /* MSSampleServiceEntityCollectionFetcher.h */ = {isa = PBXFileReference; includeInIndex = 1; lastKnownFileType = sourcecode.c.h; name = MSSampleServiceEntityCollectionFetcher.h; path = ./Fetchers/MSSampleServiceEntityCollectionFetcher.h; sourceTree = "<group>"; };
		50C82687716269F1F5149E3C /* MSSampleServiceItemCollectionFetcher.h */ = {isa = PBXFileReference; includeInIndex = 1; lastKnownFileType = sourcecode.c.h; name = MSSampleServiceItemCollectionFetcher.h; path = ./Fetchers/MSSampleServiceItemCollectionFetcher.h; sourceTree = "<group>"; };
		65A10D1463FD275CAE33B34A /* MSSampleServiceItemCollectionOperations.m */ = {isa = PBXFileReference; includeInIndex = 1; lastKnownFileType = sourcecode.c.objc; name = MSSampleServiceItemCollectionOperations.m; path = ./Fetchers/MSSampleServiceItemCollectionOperations.m; sourceTree = "<group>"; };
		670AE3B2405B9A0A80D8F861 /* MSSampleServiceItemBCollectionFetcher.h */ = {isa = PBXFileReference; includeInIndex = 1; lastKnownFileType = sourcecode.c.h; name = MSSampleServiceItemBCollectionFetcher.h; path = ./Fetchers/MSSampleServiceItemBCollectionFetcher.h; sourceTree = "<group>"; };
		6DCE3E627509D2CDEB792B01 /* MSSampleServiceAnotherEntityCollectionOperations.h */ = {isa = PBXFileReference; includeInIndex = 1; lastKnownFileType = sourcecode.c.h; name = MSSampleServiceAnotherEntityCollectionOperations.h; path = ./Fetchers/MSSampleServiceAnotherEntityCollectionOperations.h; sourceTree = "<group>"; };
		6EF157A180AE09355198C214 /* MSSampleServiceAnotherEntityFetcher.m */ = {isa = PBXFileReference; includeInIndex = 1; lastKnownFileType = sourcecode.c.objc; name = MSSampleServiceAnotherEntityFetcher.m; path = ./Fetchers/MSSampleServiceAnotherEntityFetcher.m; sourceTree = "<group>"; };
		7992E958188C47A053E67883 /* MSSampleServiceItemAOperations.m */ = {isa = PBXFileReference; includeInIndex = 1; lastKnownFileType = sourcecode.c.objc; name = MSSampleServiceItemAOperations.m; path = ./Fetchers/MSSampleServiceItemAOperations.m; sourceTree = "<group>"; };
		7B77A341C880D67E1F17A050 /* MSSampleServiceItemFetcher.m */ = {isa = PBXFileReference; includeInIndex = 1; lastKnownFileType = sourcecode.c.objc; name = MSSampleServiceItemFetcher.m; path = ./Fetchers/MSSampleServiceItemFetcher.m; sourceTree = "<group>"; };
		7B9350559738DD0EEA80791D /* libSampleService.a */ = {isa = PBXFileReference; explicitFileType = archive.ar; includeInIndex = 0; path = libSampleService.a; sourceTree = BUILT_PRODUCTS_DIR; };
		866434C97A20E0D8086AB0F5 /* MSSampleServiceSampleEntityCollectionOperations.h */ = {isa = PBXFileReference; includeInIndex = 1; lastKnownFileType = sourcecode.c.h; name = MSSampleServiceSampleEntityCollectionOperations.h; path = ./Fetchers/MSSampleServiceSampleEntityCollectionOperations.h; sourceTree = "<group>"; };
		8837DC19F2F1A478BECA42F5 /* MSSampleServiceItemAFetcher.h */ = {isa = PBXFileReference; includeInIndex = 1; lastKnownFileType = sourcecode.c.h; name = MSSampleServiceItemAFetcher.h; path = ./Fetchers/MSSampleServiceItemAFetcher.h; sourceTree = "<group>"; };
		907599F23AF3D29EC42383F5 /* MSSampleServiceItemBCollectionFetcher.m */ = {isa = PBXFileReference; includeInIndex = 1; lastKnownFileType = sourcecode.c.objc; name = MSSampleServiceItemBCollectionFetcher.m; path = ./Fetchers/MSSampleServiceItemBCollectionFetcher.m; sourceTree = "<group>"; };
		92F073E8FCB9CB418D2EB753 /* MSSampleServiceItemACollectionOperations.h */ = {isa = PBXFileReference; includeInIndex = 1; lastKnownFileType = sourcecode.c.h; name = MSSampleServiceItemACollectionOperations.h; path = ./Fetchers/MSSampleServiceItemACollectionOperations.h; sourceTree = "<group>"; };
		934D56504E66AC07ECC88FB7 /* MSSampleServiceItemOperations.m */ = {isa = PBXFileReference; includeInIndex = 1; lastKnownFileType = sourcecode.c.objc; name = MSSampleServiceItemOperations.m; path = ./Fetchers/MSSampleServiceItemOperations.m; sourceTree = "<group>"; };
		9402A4FB9194DD3CD7C1E465 /* MSSampleServiceSampleEntity.h */ = {isa = PBXFileReference; includeInIndex = 1; lastKnownFileType = sourcecode.c.h; name = MSSampleServiceSampleEntity.h; path = ./Model/MSSampleServiceSampleEntity.h; sourceTree = "<group>"; };
		997F22866DD0E60510BAAE8E /* MSSampleServiceEntityOperations.h */ = {isa = PBXFileReference; includeInIndex = 1; lastKnownFileType = sourcecode.c.h; name = MSSampleServiceEntityOperations.h; path = ./Fetchers/MSSampleServiceEntityOperations.h; sourceTree = "<group>"; };
		9DE8A203625DA464A9715B82 /* MSSampleServiceClient.h */ = {isa = PBXFileReference; includeInIndex = 1; lastKnownFileType = sourcecode.c.h; name = MSSampleServiceClient.h; path = ./Fetchers/MSSampleServiceClient.h; sourceTree = "<group>"; };
		9F215EA1910B30935D0119A8 /* MSSampleServiceSampleEntityFetcher.h */ = {isa = PBXFileReference; includeInIndex = 1; lastKnownFileType = sourcecode.c.h; name = MSSampleServiceSampleEntityFetcher.h; path = ./Fetchers/MSSampleServiceSampleEntityFetcher.h; sourceTree = "<group>"; };
		A0D9B66E16BC1A94CBABCC52 /* MSSampleServiceItemBCollectionOperations.h */ = {isa = PBXFileReference; includeInIndex = 1; lastKnownFileType = sourcecode.c.h; name = MSSampleServiceItemBCollectionOperations.h; path = ./Fetchers/MSSampleServiceItemBCollectionOperations.h; sourceTree = "<group>"; };
		A29AE6A1C3E88D2949E90115 /* MSSampleServiceItemB.h */ = {isa = PBXFileReference; includeInIndex = 1; lastKnownFileType = sourcecode.c.h; name = MSSampleServiceItemB.h; path = ./Model/MSSampleServiceItemB.h; sourceTree = "<group>"; };
		A4DB7BC9690CBC56C182112B /* MSSampleServiceItemBFetcher.m */ = {isa = PBXFileReference; includeInIndex = 1; lastKnownFileType = sourcecode.c.objc; name = MSSampleServiceItemBFetcher.m; path = ./Fetchers/MSSampleServiceItemBFetcher.m; sourceTree = "<group>"; };
		ABB40B25C6F33018A6FBB8EF /* MSSampleServiceItemA.m */ = {isa = PBXFileReference; includeInIndex = 1; lastKnownFileType = sourcecode.c.objc; name = MSSampleServiceItemA.m; path = ./Model/MSSampleServiceItemA.m; sourceTree = "<group>"; };
		AECD3B17FB693A4ECB35D438 /* MSSampleServiceAnotherEntityOperations.h */ = {isa = PBXFileReference; includeInIndex = 1; lastKnownFileType = sourcecode.c.h; name = MSSampleServiceAnotherEntityOperations.h; path = ./Fetchers/MSSampleServiceAnotherEntityOperations.h; sourceTree = "<group>"; };
		B1283C9E3C2D9A2F4EA9FEEE /* MSSampleServiceAnotherEntityCollectionFetcher.m */ = {isa = PBXFileReference; includeInIndex = 1; lastKnownFileType = sourcecode.c.objc; name = MSSampleServiceAnotherEntityCollectionFetcher.m; path = ./Fetchers/MSSampleServiceAnotherEntityCollectionFetcher.m; sourceTree = "<group>"; };
		B8495033FC8A3454CF8BA5EE /* MSSampleServiceItemBFetcher.h */ = {isa = PBXFileReference; includeInIndex = 1; lastKnownFileType = sourcecode.c.h; name = MSSampleServiceItemBFetcher.h; path = ./Fetchers/MSSampleServiceItemBFetcher.h; sourceTree = "<group>"; };
		BC024925421F932F2CED4B9D /* MSSampleServiceItem.h */ = {isa = PBXFileReference; includeInIndex = 1; lastKnownFileType = sourcecode.c.h; name = MSSampleServiceItem.h; path = ./Model/MSSampleServiceItem.h; sourceTree = "<group>"; };
		BDC9117A082320C995A57981 /* MSSampleServiceEntityCollectionOperations.m */ = {isa = PBXFileReference; includeInIndex = 1; lastKnownFileType = sourcecode.c.objc; name = MSSampleServiceEntityCollectionOperations.m; path = ./Fetchers/MSSampleServiceEntityCollectionOperations.m; sourceTree = "<group>"; };
		C05FFF60912BDAD5496F3103 /* MSSampleServiceItemACollectionFetcher.h */ = {isa = PBXFileReference; includeInIndex = 1; lastKnownFileType = sourcecode.c.h; name = MSSampleServiceItemACollectionFetcher.h; path = ./Fetchers/MSSampleServiceItemACollectionFetcher.h; sourceTree = "<group>"; };
		C29BFBCBAEDC1B9C5298A945 /* MSSampleServiceModels.h */ = {isa = PBXFileReference; includeInIndex = 1; lastKnownFileType = sourcecode.c.h; name = MSSampleServiceModels.h; path = ./Model/MSSampleServiceModels.h; sourceTree = "<group>"; };
		C3F74A52917DBD7F0CBADA23 /* MSSampleServiceSampleEntity.m */ = {isa = PBXFileReference; includeInIndex = 1; lastKnownFileType = sourcecode.c.objc; name = MSSampleServiceSampleEntity.m; path = ./Model/MSSampleServiceSampleEntity.m; sourceTree = "<group>"; };
		C91D87AF40B0AEC01578BE4F /* MSSampleServiceAnotherEntityOperations.m */ = {isa = PBXFileReference; includeInIndex = 1; lastKnownFileType = sourcecode.c.objc; name = MSSampleServiceAnotherEntityOperations.m; path = ./Fetchers/MSSampleServiceAnotherEntityOperations.m; sourceTree = "<group>"; };
		D74A4164FA6D6C5B373F7509 /* MSSampleServiceSampleComplexType.h */ = {isa = PBXFileReference; includeInIndex = 1; lastKnownFileType = sourcecode.c.h; name = MSSampleServiceSampleComplexType.h; path = ./Model/MSSampleServiceSampleComplexType.h; sourceTree = "<group>"; };
		E81BBA8D46D24A471920046A /* MSSampleServiceItemBOperations.h */ = {isa = PBXFileReference; includeInIndex = 1; lastKnownFileType = sourcecode.c.h; name = MSSampleServiceItemBOperations.h; path = ./Fetchers/MSSampleServiceItemBOperations.h; sourceTree = "<group>"; };
		EF96FB5F2EA9149137EDCF58 /* MSSampleServiceEntity.m */ = {isa = PBXFileReference; includeInIndex = 1; lastKnownFileType = sourcecode.c.objc; name = MSSampleServiceEntity.m; path = ./Model/MSSampleServiceEntity.m; sourceTree = "<group>"; };
		F172A81CA069A0871D1F0674 /* MSSampleServiceAnotherEntity.h */ = {isa = PBXFileReference; includeInIndex = 1; lastKnownFileType = sourcecode.c.h; name = MSSampleServiceAnotherEntity.h; path = ./Model/MSSampleServiceAnotherEntity.h; sourceTree = "<group>"; };
		F17D8C02C54F88682DC47657 /* MSSampleServiceSampleEntityOperations.h */ = {isa = PBXFileReference; includeInIndex = 1; lastKnownFileType = sourcecode.c.h; name = MSSampleServiceSampleEntityOperations.h; path = ./Fetchers/MSSampleServiceSampleEntityOperations.h; sourceTree = "<group>"; };
		F94E62DD93740211FE0762D5 /* MSSampleService.h */ = {isa = PBXFileReference; includeInIndex = 1; lastKnownFileType = sourcecode.c.h; name = MSSampleService.h; path = ./MSSampleService.h; sourceTree = "<group>"; };
		F950F6E449B1BD0A1FA9963B /* MSSampleServiceSampleEntityCollectionOperations.m */ = {isa = PBXFileReference; includeInIndex = 1; lastKnownFileType = sourcecode.c.objc; name = MSSampleServiceSampleEntityCollectionOperations.m; path = ./Fetchers/MSSampleServiceSampleEntityCollectionOperations.m; sourceTree = "<group>"; };
		FAC77B5199A8BB43A14B7FC7 /* MSSampleServiceItemA.h */ = {isa = PBXFileReference; includeInIndex = 1; lastKnownFileType = sourcecode.c.h; name = MSSampleServiceItemA.h; path = ./Model/MSSampleServiceItemA.h; sourceTree = "<group>"; };
		FB63E353C63A28A5421E8951 /* MSSampleServiceAnotherEntityCollectionFetcher.h */ = {isa = PBXFileReference; includeInIndex = 1; lastKnownFileType = sourcecode.c.h; name = MSSampleServiceAnotherEntityCollectionFetcher.h; path = ./Fetchers/MSSampleServiceAnotherEntityCollectionFetcher.h; sourceTree = "<group>"; };
		FC23E340EC29DE2D9A50D626 /* MSSampleServiceItemBCollectionOperations.m */ = {isa = PBXFileReference; includeInIndex = 1; lastKnownFileType = sourcecode.c.objc; name = MSSampleServiceItemBCollectionOperations.m; path = ./Fetchers/MSSampleServiceItemBCollectionOperations.m; sourceTree = "<group>"; };
		FC316B864CAB964AEBCA56FA /* MSSampleServiceClient.m */ = {isa = PBXFileReference; includeInIndex = 1; lastKnownFileType = sourcecode.c.objc; name = MSSampleServiceClient.m; path = ./Fetchers/MSSampleServiceClient.m; sourceTree = "<group>"; };
		FF67D8CACE44FF7722D20AD8 /* MSSampleServiceItemACollectionOperations.m */ = {isa = PBXFileReference; includeInIndex = 1; lastKnownFileType = sourcecode.c.objc; name = MSSampleServiceItemACollectionOperations.m; path = ./Fetchers/MSSampleServiceItemACollectionOperations.m; sourceTree = "<group>"; };
/* End PBXFileReference section */

/* Begin PBXFrameworksBuildPhase section */
		EA6F63B23FA097B637F4971B /* Frameworks */ = {
			isa = PBXFrameworksBuildPhase;
			buildActionMask = 2147483647;
			files = (
				8F0ED0F3B39390CE38CA401A /* Foundation.framework in Frameworks */,
			);
			runOnlyForDeploymentPostprocessing = 0;
		};
/* End PBXFrameworksBuildPhase section */

/* Begin PBXGroup section */
		2BA39F59EA37ABC8D6391145 /* Products */ = {
			isa = PBXGroup;
			children = (
				7B9350559738DD0EEA80791D /* libSampleService.a */,
			);
			name = Products;
			sourceTree = "<group>";
		};
		2EA4950C7E335CF57B667CCD /* Frameworks */ = {
			isa = PBXGroup;
			children = (
				7B30298D31EE5245A7FFFD10 /* iOS */,
			);
			name = Frameworks;
			sourceTree = "<group>";
		};
		2EDFFC7352E692DD94FD4990 /* Model */ = {
			isa = PBXGroup;
			children = (
				F172A81CA069A0871D1F0674 /* MSSampleServiceAnotherEntity.h */,
				082D00230E03C137B955154B /* MSSampleServiceAnotherEntity.m */,
				33F93630E8DF65E13D5E67BD /* MSSampleServiceEntity.h */,
				EF96FB5F2EA9149137EDCF58 /* MSSampleServiceEntity.m */,
				BC024925421F932F2CED4B9D /* MSSampleServiceItem.h */,
				1BA05A885A1DBCBE30827526 /* MSSampleServiceItem.m */,
				FAC77B5199A8BB43A14B7FC7 /* MSSampleServiceItemA.h */,
				ABB40B25C6F33018A6FBB8EF /* MSSampleServiceItemA.m */,
				A29AE6A1C3E88D2949E90115 /* MSSampleServiceItemB.h */,
				0CBFC749EE28705B644E1B2A /* MSSampleServiceItemB.m */,
				C29BFBCBAEDC1B9C5298A945 /* MSSampleServiceModels.h */,
				D74A4164FA6D6C5B373F7509 /* MSSampleServiceSampleComplexType.h */,
				3947B1CAADDEE28E50DB201A /* MSSampleServiceSampleComplexType.m */,
				9402A4FB9194DD3CD7C1E465 /* MSSampleServiceSampleEntity.h */,
				C3F74A52917DBD7F0CBADA23 /* MSSampleServiceSampleEntity.m */,
			);
			name = Model;
			sourceTree = "<group>";
		};
		48B8E51784DABD19612DF39E /* Fetchers */ = {
			isa = PBXGroup;
			children = (
				FB63E353C63A28A5421E8951 /* MSSampleServiceAnotherEntityCollectionFetcher.h */,
				B1283C9E3C2D9A2F4EA9FEEE /* MSSampleServiceAnotherEntityCollectionFetcher.m */,
				6DCE3E627509D2CDEB792B01 /* MSSampleServiceAnotherEntityCollectionOperations.h */,
				33160C3D708CAB57BA0FAEA8 /* MSSampleServiceAnotherEntityCollectionOperations.m */,
				0B8A0528FDBF10C7ED2CDE66 /* MSSampleServiceAnotherEntityFetcher.h */,
				6EF157A180AE09355198C214 /* MSSampleServiceAnotherEntityFetcher.m */,
				AECD3B17FB693A4ECB35D438 /* MSSampleServiceAnotherEntityOperations.h */,
				C91D87AF40B0AEC01578BE4F /* MSSampleServiceAnotherEntityOperations.m */,
				9DE8A203625DA464A9715B82 /* MSSampleServiceClient.h */,
				FC316B864CAB964AEBCA56FA /* MSSampleServiceClient.m */,
				3D638A65303A940620CCC910 /* MSSampleServiceEntityCollectionFetcher.h */,
				2DEC03FE49937F82EF7E4DF4 /* MSSampleServiceEntityCollectionFetcher.m */,
				1361732DF3CA6710EE507D04 /* MSSampleServiceEntityCollectionOperations.h */,
				BDC9117A082320C995A57981 /* MSSampleServiceEntityCollectionOperations.m */,
				33F9425CE1DC8F434DF25D7A /* MSSampleServiceEntityFetcher.h */,
				353531C93932BDEA14D5BF82 /* MSSampleServiceEntityFetcher.m */,
				997F22866DD0E60510BAAE8E /* MSSampleServiceEntityOperations.h */,
				2625A9828E340AEB7BAF79D8 /* MSSampleServiceEntityOperations.m */,
				1486825D7E07C337CD21D1CC /* MSSampleServiceFetchers.h */,
				C05FFF60912BDAD5496F3103 /* MSSampleServiceItemACollectionFetcher.h */,
				0339151AE9877521A15555BE /* MSSampleServiceItemACollectionFetcher.m */,
				92F073E8FCB9CB418D2EB753 /* MSSampleServiceItemACollectionOperations.h */,
				FF67D8CACE44FF7722D20AD8 /* MSSampleServiceItemACollectionOperations.m */,
				8837DC19F2F1A478BECA42F5 /* MSSampleServiceItemAFetcher.h */,
				3550385D5878B17AE6F41EBC /* MSSampleServiceItemAFetcher.m */,
				26BE130045131567F3707ABA /* MSSampleServiceItemAOperations.h */,
				7992E958188C47A053E67883 /* MSSampleServiceItemAOperations.m */,
				670AE3B2405B9A0A80D8F861 /* MSSampleServiceItemBCollectionFetcher.h */,
				907599F23AF3D29EC42383F5 /* MSSampleServiceItemBCollectionFetcher.m */,
				A0D9B66E16BC1A94CBABCC52 /* MSSampleServiceItemBCollectionOperations.h */,
				FC23E340EC29DE2D9A50D626 /* MSSampleServiceItemBCollectionOperations.m */,
				B8495033FC8A3454CF8BA5EE /* MSSampleServiceItemBFetcher.h */,
				A4DB7BC9690CBC56C182112B /* MSSampleServiceItemBFetcher.m */,
				E81BBA8D46D24A471920046A /* MSSampleServiceItemBOperations.h */,
				2840A31CA3D3FEACDC88BAB5 /* MSSampleServiceItemBOperations.m */,
				50C82687716269F1F5149E3C /* MSSampleServiceItemCollectionFetcher.h */,
				0CF163F5526953E8529AAEE4 /* MSSampleServiceItemCollectionFetcher.m */,
				0886CF71041693F8C3DE51C1 /* MSSampleServiceItemCollectionOperations.h */,
				65A10D1463FD275CAE33B34A /* MSSampleServiceItemCollectionOperations.m */,
				049B403A13AC78D719E06DC1 /* MSSampleServiceItemFetcher.h */,
				7B77A341C880D67E1F17A050 /* MSSampleServiceItemFetcher.m */,
				21892838F66156E7E3650FFA /* MSSampleServiceItemOperations.h */,
				934D56504E66AC07ECC88FB7 /* MSSampleServiceItemOperations.m */,
				10F5A4257794B41B0B0426D3 /* MSSampleServiceSampleEntityCollectionFetcher.h */,
				1CF6A896177DA1A1D910A0F3 /* MSSampleServiceSampleEntityCollectionFetcher.m */,
				866434C97A20E0D8086AB0F5 /* MSSampleServiceSampleEntityCollectionOperations.h */,
				F950F6E449B1BD0A1FA9963B /* MSSampleServiceSampleEntityCollectionOperations.m */,
				9F215EA1910B30935D0119A8 /* MSSampleServiceSampleEntityFetcher.h */,
				0BA385F4AD47A38ED23CB9E3 /* MSSampleServiceSampleEntityFetcher.m */,
				F17D8C02C54F88682DC47657 /* MSSampleServiceSampleEntityOperations.h */,
				1C75F05F7BD6E4AA6C84AEDB /* MSSampleServiceSampleEntityOperations.m */,
			);
			name = Fetchers;
			sourceTree = "<group>";
		};
		650F1EC3AED9A41372B7C708 = {
			isa = PBXGroup;
			children = (
				2BA39F59EA37ABC8D6391145 /* Products */,
				2EA4950C7E335CF57B667CCD /* Frameworks */,
				48B8E51784DABD19612DF39E /* Fetchers */,
				2EDFFC7352E692DD94FD4990 /* Model */,
				F94E62DD93740211FE0762D5 /* MSSampleService.h */,
			);
			sourceTree = "<group>";
		};
		7B30298D31EE5245A7FFFD10 /* iOS */ = {
			isa = PBXGroup;
			children = (
				1C1DCDE2DE4086975ED84B2A /* Foundation.framework */,
			);
			name = iOS;
			sourceTree = "<group>";
		};
/* End PBXGroup section */

/* Begin PBXHeadersBuildPhase section */
		10F62760BE98999DBA6C9E7E /* Headers */ = {
			isa = PBXHeadersBuildPhase;
			buildActionMask = 2147483647;
			files = (
				994C51C8D6F257C85CCBBD98 /* MSSampleServiceAnotherEntityCollectionFetcher.h in Headers */,
				96C37110DA9C310F94B77923 /* MSSampleServiceAnotherEntityCollectionOperations.h in Headers */,
				BCBFB928E6D392FC86B8E0A3 /* MSSampleServiceAnotherEntityFetcher.h in Headers */,
				4999515AF56BFFBE22C899A3 /* MSSampleServiceAnotherEntityOperations.h in Headers */,
				FB9C16CF446083AF7EFD02B3 /* MSSampleServiceClient.h in Headers */,
				2E8F1AB274BF53AB251603F2 /* MSSampleServiceEntityCollectionFetcher.h in Headers */,
				89EF7D08090EE835BDF327EB /* MSSampleServiceEntityCollectionOperations.h in Headers */,
				85B467433F87E51F0E8A5776 /* MSSampleServiceEntityFetcher.h in Headers */,
				92B507F8D4F2451CAB2CB699 /* MSSampleServiceEntityOperations.h in Headers */,
				C42D8DA290560981BB337D66 /* MSSampleServiceFetchers.h in Headers */,
				2CCCC73086E5B020982298C7 /* MSSampleServiceItemACollectionFetcher.h in Headers */,
				6764E067D070F9695B8DD8C1 /* MSSampleServiceItemACollectionOperations.h in Headers */,
				CF9EADB30F1B10670951A7BE /* MSSampleServiceItemAFetcher.h in Headers */,
				E4659CBE5821C78F97D074C7 /* MSSampleServiceItemAOperations.h in Headers */,
				E2DD80BB947287AC5A0249AF /* MSSampleServiceItemBCollectionFetcher.h in Headers */,
				71736831964F24A919404FF4 /* MSSampleServiceItemBCollectionOperations.h in Headers */,
				10BD69921CE475D5B2BFA4B2 /* MSSampleServiceItemBFetcher.h in Headers */,
				0FEB7EB00ADA4AA241B8B42A /* MSSampleServiceItemBOperations.h in Headers */,
				A310905272F1860851805776 /* MSSampleServiceItemCollectionFetcher.h in Headers */,
				6D33E60B8DF7A14BBA7B6F48 /* MSSampleServiceItemCollectionOperations.h in Headers */,
				CDF04515882EEC600A10BAB7 /* MSSampleServiceItemFetcher.h in Headers */,
				F6B4E4CB6D3D3D2C41C874D6 /* MSSampleServiceItemOperations.h in Headers */,
				1812298131F765486C1C2E96 /* MSSampleServiceSampleEntityCollectionFetcher.h in Headers */,
				20E8729E9592175123C34D0C /* MSSampleServiceSampleEntityCollectionOperations.h in Headers */,
				12A45C0B4762062393992BED /* MSSampleServiceSampleEntityFetcher.h in Headers */,
				C75EA55D1CFD1E51308E79EF /* MSSampleServiceSampleEntityOperations.h in Headers */,
				90D890F8A97A3B22F5AECB18 /* MSSampleServiceAnotherEntity.h in Headers */,
				73090FEF362B6C873280F1C0 /* MSSampleServiceEntity.h in Headers */,
				13AE7F20E45A7A5C125ACC62 /* MSSampleServiceItem.h in Headers */,
				7597DDB6DC86877ED4B894B2 /* MSSampleServiceItemA.h in Headers */,
				FDB3BB9252948CA1865F6539 /* MSSampleServiceItemB.h in Headers */,
				A62B937E714AA109A79766A4 /* MSSampleServiceModels.h in Headers */,
				3C01C1DC43DEAA03C4EF2958 /* MSSampleServiceSampleComplexType.h in Headers */,
				5F1880AAD37C2833A7A2DB0D /* MSSampleServiceSampleEntity.h in Headers */,
				CE49FF6A48362C4DBE3360A5 /* MSSampleService.h in Headers */,
			);
			runOnlyForDeploymentPostprocessing = 0;
		};
/* End PBXHeadersBuildPhase section */

/* Begin PBXNativeTarget section */
		7B1CE4C27F75B619717F5551 /* SampleService */ = {
			isa = PBXNativeTarget;
			buildConfigurationList = 4F9DE6B9813F98146F8E94A9 /* Build configuration list for PBXNativeTarget "SampleService" */;
			buildPhases = (
				2A262938C71F14A68EB68797 /* Sources */,
				EA6F63B23FA097B637F4971B /* Frameworks */,
				10F62760BE98999DBA6C9E7E /* Headers */,
			);
			buildRules = (
			);
			dependencies = (
			);
			name = SampleService;
			productName = SampleService;
			productReference = 7B9350559738DD0EEA80791D /* libSampleService.a */;
			productType = "com.apple.product-type.library.static";
		};
/* End PBXNativeTarget section */

/* Begin PBXProject section */
		5E8CA07167BB7351B6BEA8A2 /* Project object */ = {
			isa = PBXProject;
			attributes = {
				LastSwiftUpdateCheck = 0700;
				LastUpgradeCheck = 0700;
			};
			buildConfigurationList = C6C938A4B10058924AAAA2FA /* Build configuration list for PBXProject "SampleService" */;
			compatibilityVersion = "Xcode 3.2";
			developmentRegion = English;
			hasScannedForEncodings = 0;
			knownRegions = (
				en,
			);
			mainGroup = 650F1EC3AED9A41372B7C708;
			productRefGroup = 2BA39F59EA37ABC8D6391145 /* Products */;
			projectDirPath = "";
			projectRoot = "";
			targets = (
				7B1CE4C27F75B619717F5551 /* SampleService */,
			);
		};
/* End PBXProject section */

/* Begin PBXSourcesBuildPhase section */
		2A262938C71F14A68EB68797 /* Sources */ = {
			isa = PBXSourcesBuildPhase;
			buildActionMask = 2147483647;
			files = (
				B41CF7DC238FAC11AF74938C /* MSSampleServiceAnotherEntityCollectionFetcher.m in Sources */,
				5CF8AFAF0B9CB594B7CE4933 /* MSSampleServiceAnotherEntityCollectionOperations.m in Sources */,
				D51DD5C9990082B88C4FF4B7 /* MSSampleServiceAnotherEntityFetcher.m in Sources */,
				728823D44F1452A1E62A1B2C /* MSSampleServiceAnotherEntityOperations.m in Sources */,
				5ADA38CCDCDABE7DB6188089 /* MSSampleServiceClient.m in Sources */,
				7292C2D6E9B1A0AD8BE8C138 /* MSSampleServiceEntityCollectionFetcher.m in Sources */,
				C73930635E45B6E2BC716414 /* MSSampleServiceEntityCollectionOperations.m in Sources */,
				E786A9E921E48B13C494F477 /* MSSampleServiceEntityFetcher.m in Sources */,
				52137B955D8BF737F75FC15A /* MSSampleServiceEntityOperations.m in Sources */,
				3370DE8CF81D45AE2C62DF73 /* MSSampleServiceItemACollectionFetcher.m in Sources */,
				656C9D3E9BD04DFCCB49387C /* MSSampleServiceItemACollectionOperations.m in Sources */,
				2D690BB1B075BC2F05ADF373 /* MSSampleServiceItemAFetcher.m in Sources */,
				365314C6AA6881E2DBC0DDD0 /* MSSampleServiceItemAOperations.m in Sources */,
				D4A72CEA205251BE115DB3F6 /* MSSampleServiceItemBCollectionFetcher.m in Sources */,
				453E4B205E2A221E4FB14130 /* MSSampleServiceItemBCollectionOperations.m in Sources */,
				8D11191186CDD468494C4AA0 /* MSSampleServiceItemBFetcher.m in Sources */,
				4FC411FAAEAF989DD968D0A3 /* MSSampleServiceItemBOperations.m in Sources */,
				643AF02B793481233F501739 /* MSSampleServiceItemCollectionFetcher.m in Sources */,
				AF16798A52F94F3C8EABB4B2 /* MSSampleServiceItemCollectionOperations.m in Sources */,
				8CEBEA5ECF306920E830C12D /* MSSampleServiceItemFetcher.m in Sources */,
				E9A6A833A339807DA5A5FD16 /* MSSampleServiceItemOperations.m in Sources */,
				65B5F7DB9658A734C8971104 /* MSSampleServiceSampleEntityCollectionFetcher.m in Sources */,
				CAFEC21F054F24FABB175B70 /* MSSampleServiceSampleEntityCollectionOperations.m in Sources */,
				E308F020EE81FAD11E70A423 /* MSSampleServiceSampleEntityFetcher.m in Sources */,
				7F34706080A0090A48260F54 /* MSSampleServiceSampleEntityOperations.m in Sources */,
				25D9F2FC6BD9E02E5A4109B7 /* MSSampleServiceAnotherEntity.m in Sources */,
				8946479C9B453AAF6591823B /* MSSampleServiceEntity.m in Sources */,
				FBD30A2621F650116D12DEA2 /* MSSampleServiceItem.m in Sources */,
				E42AB957D6E580CA5DC49FD8 /* MSSampleServiceItemA.m in Sources */,
				C5FAE6F1A25942494A15B469 /* MSSampleServiceItemB.m in Sources */,
				A2C9DF6F3EA1F0A7B748D239 /* MSSampleServiceSampleComplexType.m in Sources */,
				991C3291AE1367BD54090D8D /* MSSampleServiceSampleEntity.m in Sources */,
			);
			runOnlyForDeploymentPostprocessing = 0;
		};
/* End PBXSourcesBuildPhase section */

/* Begin XCBuildConfiguration section */
		717CA9B7F55D545E74838A97 /* Debug */ = {
			isa = XCBuildConfiguration;
			buildSettings = {
				ALWAYS_SEARCH_USER_PATHS = NO;
				CLANG_CXX_LANGUAGE_STANDARD = "gnu++0x";
				CLANG_CXX_LIBRARY = "libc++";
				CLANG_ENABLE_MODULES = YES;
				CLANG_ENABLE_OBJC_ARC = YES;
				CLANG_WARN_BOOL_CONVERSION = YES;
				CLANG_WARN_CONSTANT_CONVERSION = YES;
				CLANG_WARN_DIRECT_OBJC_ISA_USAGE = YES;
				CLANG_WARN_EMPTY_BODY = YES;
				CLANG_WARN_ENUM_CONVERSION = YES;
				CLANG_WARN_INT_CONVERSION = YES;
				CLANG_WARN_OBJC_ROOT_CLASS = YES;
				CLANG_WARN_UNREACHABLE_CODE = YES;
				CLANG_WARN__DUPLICATE_METHOD_MATCH = YES;
				COPY_PHASE_STRIP = NO;
				GCC_C_LANGUAGE_STANDARD = gnu99;
				GCC_DYNAMIC_NO_PIC = NO;
				GCC_OPTIMIZATION_LEVEL = 0;
				GCC_PREPROCESSOR_DEFINITIONS = (
					"DEBUG=1",
					"$(inherited)",
				);
				GCC_SYMBOLS_PRIVATE_EXTERN = NO;
				GCC_WARN_64_TO_32_BIT_CONVERSION = YES;
				GCC_WARN_ABOUT_RETURN_TYPE = YES;
				GCC_WARN_UNDECLARED_SELECTOR = YES;
				GCC_WARN_UNINITIALIZED_AUTOS = YES;
				GCC_WARN_UNUSED_FUNCTION = YES;
				GCC_WARN_UNUSED_VARIABLE = YES;
				ONLY_ACTIVE_ARCH = YES;
			};
			name = Debug;
		};
		A132F4B14FD155E5ECC915DF /* Release */ = {
			isa = XCBuildConfiguration;
			buildSettings = {
				ALWAYS_SEARCH_USER_PATHS = NO;
				CLANG_CXX_LANGUAGE_STANDARD = "gnu++0x";
				CLANG_CXX_LIBRARY = "libc++";
				CLANG_ENABLE_MODULES = YES;
				CLANG_ENABLE_OBJC_ARC = YES;
				CLANG_WARN_BOOL_CONVERSION = YES;
				CLANG_WARN_CONSTANT_CONVERSION = YES;
				CLANG_WARN_DIRECT_OBJC_ISA_USAGE = YES;
				CLANG_WARN_EMPTY_BODY = YES;
				CLANG_WARN_ENUM_CONVERSION = YES;
				CLANG_WARN_INT_CONVERSION = YES;
				CLANG_WARN_OBJC_ROOT_CLASS = YES;
				CLANG_WARN_UNREACHABLE_CODE = YES;
				CLANG_WARN__DUPLICATE_METHOD_MATCH = YES;
				COPY_PHASE_STRIP = YES;
				ENABLE_NS_ASSERTIONS = NO;
				GCC_C_LANGUAGE_STANDARD = gnu99;
				GCC_WARN_64_TO_32_BIT_CONVERSION = YES;
				GCC_WARN_ABOUT_RETURN_TYPE = YES;
				GCC_WARN_UNDECLARED_SELECTOR = YES;
				GCC_WARN_UNINITIALIZED_AUTOS = YES;
				GCC_WARN_UNUSED_FUNCTION = YES;
				GCC_WARN_UNUSED_VARIABLE = YES;
				VALIDATE_PRODUCT = YES;
			};
			name = Release;
		};
		A7544D4D6340CD37B3F7E777 /* Debug */ = {
			isa = XCBuildConfiguration;
			buildSettings = {
				ENABLE_STRICT_OBJC_MSGSEND = YES;
				IPHONEOS_DEPLOYMENT_TARGET = 7.0;
				MTL_ENABLE_DEBUG_INFO = YES;
				OTHER_LDFLAGS = "-ObjC";
				PRODUCT_NAME = "$(TARGET_NAME)";
				SDKROOT = iphoneos;
				SKIP_INSTALL = YES;
			};
			name = Debug;
		};
		E13505D7E539E393455F953D /* Release */ = {
			isa = XCBuildConfiguration;
			buildSettings = {
				ENABLE_STRICT_OBJC_MSGSEND = YES;
				IPHONEOS_DEPLOYMENT_TARGET = 7.0;
				MTL_ENABLE_DEBUG_INFO = NO;
				OTHER_LDFLAGS = "-ObjC";
				PRODUCT_NAME = "$(TARGET_NAME)";
				SDKROOT = iphoneos;
				SKIP_INSTALL = YES;
			};
			name = Release;
		};
/* End XCBuildConfiguration section */

/* Begin XCConfigurationList section */
		4F9DE6B9813F98146F8E94A9 /* Build configuration list for PBXNativeTarget "SampleService" */ = {
			isa = XCConfigurationList;
			buildConfigurations = (
				E13505D7E539E393455F953D /* Release */,
				A7544D4D6340CD37B3F7E777 /* Debug */,
			);
			defaultConfigurationIsVisible = 0;
			defaultConfigurationName = Release;
		};
		C6C938A4B10058924AAAA2FA /* Build configuration list for PBXProject "SampleService" */ = {
			isa = XCConfigurationList;
			buildConfigurations = (
				717CA9B7F55D545E74838A97 /* Debug */,
				A132F4B14FD155E5ECC915DF /* Release */,
			);
			defaultConfigurationIsVisible = 0;
			defaultConfigurationName = Release;
		};
/* End XCConfigurationList section */
	};
	rootObject = 5E8CA07167BB7351B6BEA8A2 /* Project object */;
}
